{
  "name": "nbdev-squ",
  "lockfileVersion": 3,
  "requires": true,
  "packages": {
    "": {
      "dependencies": {
        "@atlaskit/editor-json-transformer": "^8.25.0",
        "@atlaskit/editor-markdown-transformer": "^5.16.2",
        "@atlaskit/editor-wikimarkup-transformer": "^11.15.4",
        "esbuild": "^0.25.8"
      }
    },
    "node_modules/@atlaskit/adf-schema": {
      "version": "51.1.2",
      "resolved": "https://registry.npmjs.org/@atlaskit/adf-schema/-/adf-schema-51.1.2.tgz",
      "integrity": "sha512-B1THtrgdHLfDN82zsnf3tF0nEZH1bw5hUPMAlKqgjK2nGJECvV/ZC+/Z681e8OjZkoVpuF0QhEvNmaDmXW6oJA==",
      "license": "Apache-2.0",
      "dependencies": {
        "@atlaskit/editor-prosemirror": "*",
        "@atlaskit/feature-gate-js-client": "^4.26.4",
        "@babel/runtime": "^7.26.10",
        "css-color-names": "0.0.4",
        "linkify-it": "^2.0.3",
        "memoize-one": "^6.0.0"
      }
    },
    "node_modules/@atlaskit/adf-utils": {
      "version": "19.23.0",
      "resolved": "https://registry.npmjs.org/@atlaskit/adf-utils/-/adf-utils-19.23.0.tgz",
      "integrity": "sha512-LAKa62XV2dF/dclyBkrxAF3HdUQLkd7dFCoAHXHFWQO4HnB6b/ht8RnHrAKURBybSd9DBEXfIgNV5Hc6HPFPAQ==",
      "license": "Apache-2.0",
      "dependencies": {
        "@atlaskit/adf-schema": "^51.1.2",
        "@babel/runtime": "^7.0.0"
      }
    },
    "node_modules/@atlaskit/atlassian-context": {
      "version": "0.2.0",
      "resolved": "https://registry.npmjs.org/@atlaskit/atlassian-context/-/atlassian-context-0.2.0.tgz",
      "integrity": "sha512-msLRSp0qck6eflkShplgyIoOogNKxKRc6QIWGQlSvKGxHQNEbLEkRGcDzdh8PuBxSs1gda7OqYrdtQYQiPbpTQ==",
      "license": "Apache-2.0",
      "dependencies": {
        "@babel/runtime": "^7.0.0"
      },
      "peerDependencies": {
        "react": "^18.2.0"
      }
    },
    "node_modules/@atlaskit/codemod-utils": {
      "version": "4.2.5",
      "resolved": "https://registry.npmjs.org/@atlaskit/codemod-utils/-/codemod-utils-4.2.5.tgz",
      "integrity": "sha512-f7b7/BqfxbPtAfJXXgR8YfzOz9Mj912kBZB5Q/3ykKw9yvT8lQsZj6HOL7qMlHMutzPdz+uuF+duBVjybtNgCg==",
      "license": "Apache-2.0",
      "dependencies": {
        "@babel/runtime": "^7.0.0"
      }
    },
    "node_modules/@atlaskit/ds-lib": {
      "version": "5.0.1",
      "resolved": "https://registry.npmjs.org/@atlaskit/ds-lib/-/ds-lib-5.0.1.tgz",
      "integrity": "sha512-vP71lCCXSM1S1TkGIpWDsNRs5IwQnM99BGa4Dsx14odTXRr/c9k/0ywL7voibHfofCPYgxn9I+iiq4T8KiQ1Ew==",
      "license": "Apache-2.0",
      "dependencies": {
        "@atlaskit/platform-feature-flags": "^1.1.0",
        "@babel/runtime": "^7.0.0",
        "bind-event-listener": "^3.0.0",
        "react-uid": "^2.2.0",
        "tiny-invariant": "^1.2.0"
      },
      "peerDependencies": {
        "react": "^18.2.0"
      }
    },
    "node_modules/@atlaskit/ds-lib/node_modules/@atlaskit/atlassian-context": {
      "version": "0.5.0",
      "resolved": "https://registry.npmjs.org/@atlaskit/atlassian-context/-/atlassian-context-0.5.0.tgz",
      "integrity": "sha512-ui8J50lnr7I8i8yq+nqupZqEQ3awJzWa3PsGUR+BY/vuM/A/UzNMA3EQApBItyeOPv49nov8lOIidtU0VnzLxw==",
      "license": "Apache-2.0",
      "dependencies": {
        "@babel/runtime": "^7.0.0"
      },
      "peerDependencies": {
        "react": "^18.2.0"
      }
    },
    "node_modules/@atlaskit/ds-lib/node_modules/@atlaskit/feature-gate-js-client": {
      "version": "5.5.5",
      "resolved": "https://registry.npmjs.org/@atlaskit/feature-gate-js-client/-/feature-gate-js-client-5.5.5.tgz",
      "integrity": "sha512-uuF/gK35LZoyEUtoVcjxXtbls9fb0RiF5kxp9kYfVwuT6XkZxrYAGuQMPq8tnHKpZE3m70tdMuANyIlMddLzqw==",
      "license": "Apache-2.0",
      "dependencies": {
        "@atlaskit/atlassian-context": "^0.5.0",
        "@babel/runtime": "^7.0.0",
        "@statsig/client-core": "^3.21.1",
        "@statsig/js-client": "^3.21.1",
        "eventemitter3": "^4.0.0"
      }
    },
    "node_modules/@atlaskit/ds-lib/node_modules/@atlaskit/platform-feature-flags": {
      "version": "1.1.2",
      "resolved": "https://registry.npmjs.org/@atlaskit/platform-feature-flags/-/platform-feature-flags-1.1.2.tgz",
      "integrity": "sha512-PM+fVkV4Yn4/0keiN6ioAap2Y+odTyw1Z4uf+TA0zMmg3/lp/rVNJEc4a24dvd8DfVs5m9bxa/hbO1qJarhCBw==",
      "license": "Apache-2.0",
      "dependencies": {
        "@atlaskit/feature-gate-js-client": "^5.5.0",
        "@babel/runtime": "^7.0.0"
      }
    },
    "node_modules/@atlaskit/editor-json-transformer": {
      "version": "8.29.0",
      "resolved": "https://registry.npmjs.org/@atlaskit/editor-json-transformer/-/editor-json-transformer-8.29.0.tgz",
      "integrity": "sha512-q77vMpw/l8gobELJso1bf5M5Kb7tCwzNwe+Bkvwa3RZGVbf2++qxw99OCs8mD93p3MHQLA6jYiLT+rsJvihugg==",
      "license": "Apache-2.0",
      "dependencies": {
        "@atlaskit/adf-schema": "^51.1.2",
        "@atlaskit/adf-utils": "^19.23.0",
        "@atlaskit/editor-prosemirror": "7.0.0",
        "@babel/runtime": "^7.0.0",
        "lodash": "^4.17.21"
      }
    },
    "node_modules/@atlaskit/editor-markdown-transformer": {
      "version": "5.18.0",
      "resolved": "https://registry.npmjs.org/@atlaskit/editor-markdown-transformer/-/editor-markdown-transformer-5.18.0.tgz",
      "integrity": "sha512-DY3GEosmbFiNX2FSVqKJm1K3Y5aomfwTPCS02yfb2k0ueZMzTDVyzGpguRltjmjJ4X/kptAPjSgQg92ObPzzYQ==",
      "license": "MIT",
      "dependencies": {
        "@atlaskit/adf-schema": "^51.1.2",
        "@atlaskit/editor-prosemirror": "7.0.0",
        "@babel/runtime": "^7.0.0",
        "markdown-it": "^13.0.2",
        "markdown-it-table": "^2.0.6"
      }
    },
    "node_modules/@atlaskit/editor-prosemirror": {
      "version": "7.0.0",
      "resolved": "https://registry.npmjs.org/@atlaskit/editor-prosemirror/-/editor-prosemirror-7.0.0.tgz",
      "integrity": "sha512-QRmC4cOoGHKPp685wDnTsN13AcQ/UxVhm2ljLLtDEF+nGsVd0ApfGZul8YL7Aj8U9igmZFW+X+CF5/FwmKYj4w==",
      "license": "Apache-2.0",
      "dependencies": {
        "@atlaskit/platform-feature-flags": "^0.3.0",
        "@babel/runtime": "^7.0.0",
        "prosemirror-commands": "1.6.2",
        "prosemirror-dropcursor": "1.8.1",
        "prosemirror-history": "1.4.1",
        "prosemirror-keymap": "1.2.2",
        "prosemirror-markdown": "1.13.1",
        "prosemirror-model": "1.24.1",
        "prosemirror-state": "1.4.3",
        "prosemirror-transform": "1.10.2",
        "prosemirror-utils": "1.2.2",
        "prosemirror-view": "1.37.1"
      }
    },
    "node_modules/@atlaskit/editor-wikimarkup-transformer": {
      "version": "11.18.1",
      "resolved": "https://registry.npmjs.org/@atlaskit/editor-wikimarkup-transformer/-/editor-wikimarkup-transformer-11.18.1.tgz",
      "integrity": "sha512-Qj/p7vxX3zbnJ+oupYKUItbn+pg/z3WwRx+IJvRoC8qCyv/+qkufsmbYjnhbxJUPbN3RvPh0H/1aWJFe7lYDmg==",
      "license": "Apache-2.0",
      "dependencies": {
        "@atlaskit/adf-schema": "^51.1.2",
        "@atlaskit/editor-json-transformer": "^8.29.0",
        "@atlaskit/editor-prosemirror": "7.0.0",
        "@atlaskit/theme": "^21.0.0",
        "@babel/runtime": "^7.0.0"
      }
    },
    "node_modules/@atlaskit/feature-gate-js-client": {
      "version": "4.26.5",
      "resolved": "https://registry.npmjs.org/@atlaskit/feature-gate-js-client/-/feature-gate-js-client-4.26.5.tgz",
      "integrity": "sha512-ZCcw7GP6WapqfP18Hr4q5+AZuI1k6pJECL9tyIw64JwG0GntMa3tTj/T8c5aqBIOagRQTw24lkM+Nt+agrRcnA==",
      "license": "Apache-2.0",
      "dependencies": {
        "@atlaskit/atlassian-context": "^0.2.0",
        "@babel/runtime": "^7.0.0",
        "@statsig/client-core": "^3.10.0",
        "@statsig/js-client": "^3.10.0",
        "eventemitter2": "^4.1.0"
      }
    },
    "node_modules/@atlaskit/platform-feature-flags": {
      "version": "0.3.0",
      "resolved": "https://registry.npmjs.org/@atlaskit/platform-feature-flags/-/platform-feature-flags-0.3.0.tgz",
      "integrity": "sha512-/0u5fFJ0Rw2j4M5wzsXgaHO6Ey12oekPCDTRvmmAIp4GO9T2Swbl80bavLAPSOmSHMhHTSuvRxiJveZXfQ21IQ==",
      "license": "Apache-2.0",
      "dependencies": {
        "@babel/runtime": "^7.0.0"
      }
    },
    "node_modules/@atlaskit/theme": {
      "version": "21.0.0",
      "resolved": "https://registry.npmjs.org/@atlaskit/theme/-/theme-21.0.0.tgz",
      "integrity": "sha512-j7KVzDACYaL3COqM3UVR9LOdmWIvq7KCN0/zaCaVSYuREXq37NzPg7hLld5SeIT19hFI9thCpUA2KrUpuM1YsA==",
      "license": "Apache-2.0",
      "dependencies": {
        "@atlaskit/codemod-utils": "^4.2.0",
        "@atlaskit/ds-lib": "^5.0.0",
        "@atlaskit/tokens": "^6.3.0",
        "@babel/runtime": "^7.0.0"
      },
      "peerDependencies": {
        "react": "^18.2.0"
      }
    },
    "node_modules/@atlaskit/tokens": {
      "version": "6.3.1",
      "resolved": "https://registry.npmjs.org/@atlaskit/tokens/-/tokens-6.3.1.tgz",
      "integrity": "sha512-acIM5WwrETYp9OuGEO/kh2MZOrCzQoYYz3Hv6HK7Pt5VwxStmAhZw9II3IE81uLRsac+gzo0NgDtuaBJHA4a1g==",
      "license": "Apache-2.0",
      "dependencies": {
        "@atlaskit/ds-lib": "^5.0.0",
        "@atlaskit/platform-feature-flags": "^1.1.0",
        "@babel/runtime": "^7.0.0",
        "@babel/traverse": "^7.23.2",
        "@babel/types": "^7.20.0",
        "bind-event-listener": "^3.0.0"
      },
      "peerDependencies": {
        "react": "^18.2.0"
      }
    },
    "node_modules/@atlaskit/tokens/node_modules/@atlaskit/atlassian-context": {
      "version": "0.5.0",
      "resolved": "https://registry.npmjs.org/@atlaskit/atlassian-context/-/atlassian-context-0.5.0.tgz",
      "integrity": "sha512-ui8J50lnr7I8i8yq+nqupZqEQ3awJzWa3PsGUR+BY/vuM/A/UzNMA3EQApBItyeOPv49nov8lOIidtU0VnzLxw==",
      "license": "Apache-2.0",
      "dependencies": {
        "@babel/runtime": "^7.0.0"
      },
      "peerDependencies": {
        "react": "^18.2.0"
      }
    },
    "node_modules/@atlaskit/tokens/node_modules/@atlaskit/feature-gate-js-client": {
      "version": "5.5.5",
      "resolved": "https://registry.npmjs.org/@atlaskit/feature-gate-js-client/-/feature-gate-js-client-5.5.5.tgz",
      "integrity": "sha512-uuF/gK35LZoyEUtoVcjxXtbls9fb0RiF5kxp9kYfVwuT6XkZxrYAGuQMPq8tnHKpZE3m70tdMuANyIlMddLzqw==",
      "license": "Apache-2.0",
      "dependencies": {
        "@atlaskit/atlassian-context": "^0.5.0",
        "@babel/runtime": "^7.0.0",
        "@statsig/client-core": "^3.21.1",
        "@statsig/js-client": "^3.21.1",
        "eventemitter3": "^4.0.0"
      }
    },
    "node_modules/@atlaskit/tokens/node_modules/@atlaskit/platform-feature-flags": {
      "version": "1.1.2",
      "resolved": "https://registry.npmjs.org/@atlaskit/platform-feature-flags/-/platform-feature-flags-1.1.2.tgz",
      "integrity": "sha512-PM+fVkV4Yn4/0keiN6ioAap2Y+odTyw1Z4uf+TA0zMmg3/lp/rVNJEc4a24dvd8DfVs5m9bxa/hbO1qJarhCBw==",
      "license": "Apache-2.0",
      "dependencies": {
        "@atlaskit/feature-gate-js-client": "^5.5.0",
        "@babel/runtime": "^7.0.0"
      }
    },
    "node_modules/@babel/code-frame": {
      "version": "7.27.1",
      "resolved": "https://registry.npmjs.org/@babel/code-frame/-/code-frame-7.27.1.tgz",
      "integrity": "sha512-cjQ7ZlQ0Mv3b47hABuTevyTuYN4i+loJKGeV9flcCgIK37cCXRh+L1bd3iBHlynerhQ7BhCkn2BPbQUL+rGqFg==",
      "license": "MIT",
      "dependencies": {
        "@babel/helper-validator-identifier": "^7.27.1",
        "js-tokens": "^4.0.0",
        "picocolors": "^1.1.1"
      },
      "engines": {
        "node": ">=6.9.0"
      }
    },
    "node_modules/@babel/generator": {
      "version": "7.28.3",
      "resolved": "https://registry.npmjs.org/@babel/generator/-/generator-7.28.3.tgz",
      "integrity": "sha512-3lSpxGgvnmZznmBkCRnVREPUFJv2wrv9iAoFDvADJc0ypmdOxdUtcLeBgBJ6zE0PMeTKnxeQzyk0xTBq4Ep7zw==",
      "license": "MIT",
      "dependencies": {
        "@babel/parser": "^7.28.3",
        "@babel/types": "^7.28.2",
        "@jridgewell/gen-mapping": "^0.3.12",
        "@jridgewell/trace-mapping": "^0.3.28",
        "jsesc": "^3.0.2"
      },
      "engines": {
        "node": ">=6.9.0"
      }
    },
    "node_modules/@babel/helper-globals": {
      "version": "7.28.0",
      "resolved": "https://registry.npmjs.org/@babel/helper-globals/-/helper-globals-7.28.0.tgz",
      "integrity": "sha512-+W6cISkXFa1jXsDEdYA8HeevQT/FULhxzR99pxphltZcVaugps53THCeiWA8SguxxpSp3gKPiuYfSWopkLQ4hw==",
      "license": "MIT",
      "engines": {
        "node": ">=6.9.0"
      }
    },
    "node_modules/@babel/helper-string-parser": {
      "version": "7.27.1",
      "resolved": "https://registry.npmjs.org/@babel/helper-string-parser/-/helper-string-parser-7.27.1.tgz",
      "integrity": "sha512-qMlSxKbpRlAridDExk92nSobyDdpPijUq2DW6oDnUqd0iOGxmQjyqhMIihI9+zv4LPyZdRje2cavWPbCbWm3eA==",
      "license": "MIT",
      "engines": {
        "node": ">=6.9.0"
      }
    },
    "node_modules/@babel/helper-validator-identifier": {
      "version": "7.27.1",
      "resolved": "https://registry.npmjs.org/@babel/helper-validator-identifier/-/helper-validator-identifier-7.27.1.tgz",
      "integrity": "sha512-D2hP9eA+Sqx1kBZgzxZh0y1trbuU+JoDkiEwqhQ36nodYqJwyEIhPSdMNd7lOm/4io72luTPWH20Yda0xOuUow==",
      "license": "MIT",
      "engines": {
        "node": ">=6.9.0"
      }
    },
    "node_modules/@babel/parser": {
      "version": "7.28.4",
      "resolved": "https://registry.npmjs.org/@babel/parser/-/parser-7.28.4.tgz",
      "integrity": "sha512-yZbBqeM6TkpP9du/I2pUZnJsRMGGvOuIrhjzC1AwHwW+6he4mni6Bp/m8ijn0iOuZuPI2BfkCoSRunpyjnrQKg==",
      "license": "MIT",
      "dependencies": {
        "@babel/types": "^7.28.4"
      },
      "bin": {
        "parser": "bin/babel-parser.js"
      },
      "engines": {
        "node": ">=6.0.0"
      }
    },
    "node_modules/@babel/runtime": {
      "version": "7.28.4",
      "resolved": "https://registry.npmjs.org/@babel/runtime/-/runtime-7.28.4.tgz",
      "integrity": "sha512-Q/N6JNWvIvPnLDvjlE1OUBLPQHH6l3CltCEsHIujp45zQUSSh8K+gHnaEX45yAT1nyngnINhvWtzN+Nb9D8RAQ==",
      "license": "MIT",
      "engines": {
        "node": ">=6.9.0"
      }
    },
    "node_modules/@babel/template": {
      "version": "7.27.2",
      "resolved": "https://registry.npmjs.org/@babel/template/-/template-7.27.2.tgz",
      "integrity": "sha512-LPDZ85aEJyYSd18/DkjNh4/y1ntkE5KwUHWTiqgRxruuZL2F1yuHligVHLvcHY2vMHXttKFpJn6LwfI7cw7ODw==",
      "license": "MIT",
      "dependencies": {
        "@babel/code-frame": "^7.27.1",
        "@babel/parser": "^7.27.2",
        "@babel/types": "^7.27.1"
      },
      "engines": {
        "node": ">=6.9.0"
      }
    },
    "node_modules/@babel/traverse": {
      "version": "7.28.4",
      "resolved": "https://registry.npmjs.org/@babel/traverse/-/traverse-7.28.4.tgz",
      "integrity": "sha512-YEzuboP2qvQavAcjgQNVgsvHIDv6ZpwXvcvjmyySP2DIMuByS/6ioU5G9pYrWHM6T2YDfc7xga9iNzYOs12CFQ==",
      "license": "MIT",
      "dependencies": {
        "@babel/code-frame": "^7.27.1",
        "@babel/generator": "^7.28.3",
        "@babel/helper-globals": "^7.28.0",
        "@babel/parser": "^7.28.4",
        "@babel/template": "^7.27.2",
        "@babel/types": "^7.28.4",
        "debug": "^4.3.1"
      },
      "engines": {
        "node": ">=6.9.0"
      }
    },
    "node_modules/@babel/types": {
      "version": "7.28.4",
      "resolved": "https://registry.npmjs.org/@babel/types/-/types-7.28.4.tgz",
      "integrity": "sha512-bkFqkLhh3pMBUQQkpVgWDWq/lqzc2678eUyDlTBhRqhCHFguYYGM0Efga7tYk4TogG/3x0EEl66/OQ+WGbWB/Q==",
      "license": "MIT",
      "dependencies": {
        "@babel/helper-string-parser": "^7.27.1",
        "@babel/helper-validator-identifier": "^7.27.1"
      },
      "engines": {
        "node": ">=6.9.0"
      }
    },
    "node_modules/@esbuild/aix-ppc64": {
      "version": "0.25.9",
      "resolved": "https://registry.npmjs.org/@esbuild/aix-ppc64/-/aix-ppc64-0.25.9.tgz",
      "integrity": "sha512-OaGtL73Jck6pBKjNIe24BnFE6agGl+6KxDtTfHhy1HmhthfKouEcOhqpSL64K4/0WCtbKFLOdzD/44cJ4k9opA==",
      "cpu": [
        "ppc64"
      ],
      "license": "MIT",
      "optional": true,
      "os": [
        "aix"
      ],
      "engines": {
        "node": ">=18"
      }
    },
    "node_modules/@esbuild/android-arm": {
      "version": "0.25.9",
      "resolved": "https://registry.npmjs.org/@esbuild/android-arm/-/android-arm-0.25.9.tgz",
      "integrity": "sha512-5WNI1DaMtxQ7t7B6xa572XMXpHAaI/9Hnhk8lcxF4zVN4xstUgTlvuGDorBguKEnZO70qwEcLpfifMLoxiPqHQ==",
      "cpu": [
        "arm"
      ],
      "license": "MIT",
      "optional": true,
      "os": [
        "android"
      ],
      "engines": {
        "node": ">=18"
      }
    },
    "node_modules/@esbuild/android-arm64": {
      "version": "0.25.9",
      "resolved": "https://registry.npmjs.org/@esbuild/android-arm64/-/android-arm64-0.25.9.tgz",
      "integrity": "sha512-IDrddSmpSv51ftWslJMvl3Q2ZT98fUSL2/rlUXuVqRXHCs5EUF1/f+jbjF5+NG9UffUDMCiTyh8iec7u8RlTLg==",
      "cpu": [
        "arm64"
      ],
      "license": "MIT",
      "optional": true,
      "os": [
        "android"
      ],
      "engines": {
        "node": ">=18"
      }
    },
    "node_modules/@esbuild/android-x64": {
      "version": "0.25.9",
      "resolved": "https://registry.npmjs.org/@esbuild/android-x64/-/android-x64-0.25.9.tgz",
      "integrity": "sha512-I853iMZ1hWZdNllhVZKm34f4wErd4lMyeV7BLzEExGEIZYsOzqDWDf+y082izYUE8gtJnYHdeDpN/6tUdwvfiw==",
      "cpu": [
        "x64"
      ],
      "license": "MIT",
      "optional": true,
      "os": [
        "android"
      ],
      "engines": {
        "node": ">=18"
      }
    },
    "node_modules/@esbuild/darwin-arm64": {
      "version": "0.25.9",
      "resolved": "https://registry.npmjs.org/@esbuild/darwin-arm64/-/darwin-arm64-0.25.9.tgz",
      "integrity": "sha512-XIpIDMAjOELi/9PB30vEbVMs3GV1v2zkkPnuyRRURbhqjyzIINwj+nbQATh4H9GxUgH1kFsEyQMxwiLFKUS6Rg==",
      "cpu": [
        "arm64"
      ],
      "license": "MIT",
      "optional": true,
      "os": [
        "darwin"
      ],
      "engines": {
        "node": ">=18"
      }
    },
    "node_modules/@esbuild/darwin-x64": {
      "version": "0.25.9",
      "resolved": "https://registry.npmjs.org/@esbuild/darwin-x64/-/darwin-x64-0.25.9.tgz",
      "integrity": "sha512-jhHfBzjYTA1IQu8VyrjCX4ApJDnH+ez+IYVEoJHeqJm9VhG9Dh2BYaJritkYK3vMaXrf7Ogr/0MQ8/MeIefsPQ==",
      "cpu": [
        "x64"
      ],
      "license": "MIT",
      "optional": true,
      "os": [
        "darwin"
      ],
      "engines": {
        "node": ">=18"
      }
    },
    "node_modules/@esbuild/freebsd-arm64": {
      "version": "0.25.9",
      "resolved": "https://registry.npmjs.org/@esbuild/freebsd-arm64/-/freebsd-arm64-0.25.9.tgz",
      "integrity": "sha512-z93DmbnY6fX9+KdD4Ue/H6sYs+bhFQJNCPZsi4XWJoYblUqT06MQUdBCpcSfuiN72AbqeBFu5LVQTjfXDE2A6Q==",
      "cpu": [
        "arm64"
      ],
      "license": "MIT",
      "optional": true,
      "os": [
        "freebsd"
      ],
      "engines": {
        "node": ">=18"
      }
    },
    "node_modules/@esbuild/freebsd-x64": {
      "version": "0.25.9",
      "resolved": "https://registry.npmjs.org/@esbuild/freebsd-x64/-/freebsd-x64-0.25.9.tgz",
      "integrity": "sha512-mrKX6H/vOyo5v71YfXWJxLVxgy1kyt1MQaD8wZJgJfG4gq4DpQGpgTB74e5yBeQdyMTbgxp0YtNj7NuHN0PoZg==",
      "cpu": [
        "x64"
      ],
      "license": "MIT",
      "optional": true,
      "os": [
        "freebsd"
      ],
      "engines": {
        "node": ">=18"
      }
    },
    "node_modules/@esbuild/linux-arm": {
      "version": "0.25.9",
      "resolved": "https://registry.npmjs.org/@esbuild/linux-arm/-/linux-arm-0.25.9.tgz",
      "integrity": "sha512-HBU2Xv78SMgaydBmdor38lg8YDnFKSARg1Q6AT0/y2ezUAKiZvc211RDFHlEZRFNRVhcMamiToo7bDx3VEOYQw==",
      "cpu": [
        "arm"
      ],
      "license": "MIT",
      "optional": true,
      "os": [
        "linux"
      ],
      "engines": {
        "node": ">=18"
      }
    },
    "node_modules/@esbuild/linux-arm64": {
      "version": "0.25.9",
      "resolved": "https://registry.npmjs.org/@esbuild/linux-arm64/-/linux-arm64-0.25.9.tgz",
      "integrity": "sha512-BlB7bIcLT3G26urh5Dmse7fiLmLXnRlopw4s8DalgZ8ef79Jj4aUcYbk90g8iCa2467HX8SAIidbL7gsqXHdRw==",
      "cpu": [
        "arm64"
      ],
      "license": "MIT",
      "optional": true,
      "os": [
        "linux"
      ],
      "engines": {
        "node": ">=18"
      }
    },
    "node_modules/@esbuild/linux-ia32": {
      "version": "0.25.9",
      "resolved": "https://registry.npmjs.org/@esbuild/linux-ia32/-/linux-ia32-0.25.9.tgz",
      "integrity": "sha512-e7S3MOJPZGp2QW6AK6+Ly81rC7oOSerQ+P8L0ta4FhVi+/j/v2yZzx5CqqDaWjtPFfYz21Vi1S0auHrap3Ma3A==",
      "cpu": [
        "ia32"
      ],
      "license": "MIT",
      "optional": true,
      "os": [
        "linux"
      ],
      "engines": {
        "node": ">=18"
      }
    },
    "node_modules/@esbuild/linux-loong64": {
      "version": "0.25.9",
      "resolved": "https://registry.npmjs.org/@esbuild/linux-loong64/-/linux-loong64-0.25.9.tgz",
      "integrity": "sha512-Sbe10Bnn0oUAB2AalYztvGcK+o6YFFA/9829PhOCUS9vkJElXGdphz0A3DbMdP8gmKkqPmPcMJmJOrI3VYB1JQ==",
      "cpu": [
        "loong64"
      ],
      "license": "MIT",
      "optional": true,
      "os": [
        "linux"
      ],
      "engines": {
        "node": ">=18"
      }
    },
    "node_modules/@esbuild/linux-mips64el": {
      "version": "0.25.9",
      "resolved": "https://registry.npmjs.org/@esbuild/linux-mips64el/-/linux-mips64el-0.25.9.tgz",
      "integrity": "sha512-YcM5br0mVyZw2jcQeLIkhWtKPeVfAerES5PvOzaDxVtIyZ2NUBZKNLjC5z3/fUlDgT6w89VsxP2qzNipOaaDyA==",
      "cpu": [
        "mips64el"
      ],
      "license": "MIT",
      "optional": true,
      "os": [
        "linux"
      ],
      "engines": {
        "node": ">=18"
      }
    },
    "node_modules/@esbuild/linux-ppc64": {
      "version": "0.25.9",
      "resolved": "https://registry.npmjs.org/@esbuild/linux-ppc64/-/linux-ppc64-0.25.9.tgz",
      "integrity": "sha512-++0HQvasdo20JytyDpFvQtNrEsAgNG2CY1CLMwGXfFTKGBGQT3bOeLSYE2l1fYdvML5KUuwn9Z8L1EWe2tzs1w==",
      "cpu": [
        "ppc64"
      ],
      "license": "MIT",
      "optional": true,
      "os": [
        "linux"
      ],
      "engines": {
        "node": ">=18"
      }
    },
    "node_modules/@esbuild/linux-riscv64": {
      "version": "0.25.9",
      "resolved": "https://registry.npmjs.org/@esbuild/linux-riscv64/-/linux-riscv64-0.25.9.tgz",
      "integrity": "sha512-uNIBa279Y3fkjV+2cUjx36xkx7eSjb8IvnL01eXUKXez/CBHNRw5ekCGMPM0BcmqBxBcdgUWuUXmVWwm4CH9kg==",
      "cpu": [
        "riscv64"
      ],
      "license": "MIT",
      "optional": true,
      "os": [
        "linux"
      ],
      "engines": {
        "node": ">=18"
      }
    },
    "node_modules/@esbuild/linux-s390x": {
      "version": "0.25.9",
      "resolved": "https://registry.npmjs.org/@esbuild/linux-s390x/-/linux-s390x-0.25.9.tgz",
      "integrity": "sha512-Mfiphvp3MjC/lctb+7D287Xw1DGzqJPb/J2aHHcHxflUo+8tmN/6d4k6I2yFR7BVo5/g7x2Monq4+Yew0EHRIA==",
      "cpu": [
        "s390x"
      ],
      "license": "MIT",
      "optional": true,
      "os": [
        "linux"
      ],
      "engines": {
        "node": ">=18"
      }
    },
    "node_modules/@esbuild/linux-x64": {
      "version": "0.25.9",
      "resolved": "https://registry.npmjs.org/@esbuild/linux-x64/-/linux-x64-0.25.9.tgz",
      "integrity": "sha512-iSwByxzRe48YVkmpbgoxVzn76BXjlYFXC7NvLYq+b+kDjyyk30J0JY47DIn8z1MO3K0oSl9fZoRmZPQI4Hklzg==",
      "cpu": [
        "x64"
      ],
      "license": "MIT",
      "optional": true,
      "os": [
        "linux"
      ],
      "engines": {
        "node": ">=18"
      }
    },
    "node_modules/@esbuild/netbsd-arm64": {
      "version": "0.25.9",
      "resolved": "https://registry.npmjs.org/@esbuild/netbsd-arm64/-/netbsd-arm64-0.25.9.tgz",
      "integrity": "sha512-9jNJl6FqaUG+COdQMjSCGW4QiMHH88xWbvZ+kRVblZsWrkXlABuGdFJ1E9L7HK+T0Yqd4akKNa/lO0+jDxQD4Q==",
      "cpu": [
        "arm64"
      ],
      "license": "MIT",
      "optional": true,
      "os": [
        "netbsd"
      ],
      "engines": {
        "node": ">=18"
      }
    },
    "node_modules/@esbuild/netbsd-x64": {
      "version": "0.25.9",
      "resolved": "https://registry.npmjs.org/@esbuild/netbsd-x64/-/netbsd-x64-0.25.9.tgz",
      "integrity": "sha512-RLLdkflmqRG8KanPGOU7Rpg829ZHu8nFy5Pqdi9U01VYtG9Y0zOG6Vr2z4/S+/3zIyOxiK6cCeYNWOFR9QP87g==",
      "cpu": [
        "x64"
      ],
      "license": "MIT",
      "optional": true,
      "os": [
        "netbsd"
      ],
      "engines": {
        "node": ">=18"
      }
    },
    "node_modules/@esbuild/openbsd-arm64": {
      "version": "0.25.9",
      "resolved": "https://registry.npmjs.org/@esbuild/openbsd-arm64/-/openbsd-arm64-0.25.9.tgz",
      "integrity": "sha512-YaFBlPGeDasft5IIM+CQAhJAqS3St3nJzDEgsgFixcfZeyGPCd6eJBWzke5piZuZ7CtL656eOSYKk4Ls2C0FRQ==",
      "cpu": [
        "arm64"
      ],
      "license": "MIT",
      "optional": true,
      "os": [
        "openbsd"
      ],
      "engines": {
        "node": ">=18"
      }
    },
    "node_modules/@esbuild/openbsd-x64": {
      "version": "0.25.9",
      "resolved": "https://registry.npmjs.org/@esbuild/openbsd-x64/-/openbsd-x64-0.25.9.tgz",
      "integrity": "sha512-1MkgTCuvMGWuqVtAvkpkXFmtL8XhWy+j4jaSO2wxfJtilVCi0ZE37b8uOdMItIHz4I6z1bWWtEX4CJwcKYLcuA==",
      "cpu": [
        "x64"
      ],
      "license": "MIT",
      "optional": true,
      "os": [
        "openbsd"
      ],
      "engines": {
        "node": ">=18"
      }
    },
    "node_modules/@esbuild/openharmony-arm64": {
      "version": "0.25.9",
      "resolved": "https://registry.npmjs.org/@esbuild/openharmony-arm64/-/openharmony-arm64-0.25.9.tgz",
      "integrity": "sha512-4Xd0xNiMVXKh6Fa7HEJQbrpP3m3DDn43jKxMjxLLRjWnRsfxjORYJlXPO4JNcXtOyfajXorRKY9NkOpTHptErg==",
      "cpu": [
        "arm64"
      ],
      "license": "MIT",
      "optional": true,
      "os": [
        "openharmony"
      ],
      "engines": {
        "node": ">=18"
      }
    },
    "node_modules/@esbuild/sunos-x64": {
      "version": "0.25.9",
      "resolved": "https://registry.npmjs.org/@esbuild/sunos-x64/-/sunos-x64-0.25.9.tgz",
      "integrity": "sha512-WjH4s6hzo00nNezhp3wFIAfmGZ8U7KtrJNlFMRKxiI9mxEK1scOMAaa9i4crUtu+tBr+0IN6JCuAcSBJZfnphw==",
      "cpu": [
        "x64"
      ],
      "license": "MIT",
      "optional": true,
      "os": [
        "sunos"
      ],
      "engines": {
        "node": ">=18"
      }
    },
    "node_modules/@esbuild/win32-arm64": {
      "version": "0.25.9",
      "resolved": "https://registry.npmjs.org/@esbuild/win32-arm64/-/win32-arm64-0.25.9.tgz",
      "integrity": "sha512-mGFrVJHmZiRqmP8xFOc6b84/7xa5y5YvR1x8djzXpJBSv/UsNK6aqec+6JDjConTgvvQefdGhFDAs2DLAds6gQ==",
      "cpu": [
        "arm64"
      ],
      "license": "MIT",
      "optional": true,
      "os": [
        "win32"
      ],
      "engines": {
        "node": ">=18"
      }
    },
    "node_modules/@esbuild/win32-ia32": {
      "version": "0.25.9",
      "resolved": "https://registry.npmjs.org/@esbuild/win32-ia32/-/win32-ia32-0.25.9.tgz",
      "integrity": "sha512-b33gLVU2k11nVx1OhX3C8QQP6UHQK4ZtN56oFWvVXvz2VkDoe6fbG8TOgHFxEvqeqohmRnIHe5A1+HADk4OQww==",
      "cpu": [
        "ia32"
      ],
      "license": "MIT",
      "optional": true,
      "os": [
        "win32"
      ],
      "engines": {
        "node": ">=18"
      }
    },
    "node_modules/@esbuild/win32-x64": {
      "version": "0.25.9",
      "resolved": "https://registry.npmjs.org/@esbuild/win32-x64/-/win32-x64-0.25.9.tgz",
      "integrity": "sha512-PPOl1mi6lpLNQxnGoyAfschAodRFYXJ+9fs6WHXz7CSWKbOqiMZsubC+BQsVKuul+3vKLuwTHsS2c2y9EoKwxQ==",
      "cpu": [
        "x64"
      ],
      "license": "MIT",
      "optional": true,
      "os": [
        "win32"
      ],
      "engines": {
        "node": ">=18"
      }
    },
    "node_modules/@jridgewell/gen-mapping": {
      "version": "0.3.13",
      "resolved": "https://registry.npmjs.org/@jridgewell/gen-mapping/-/gen-mapping-0.3.13.tgz",
      "integrity": "sha512-2kkt/7niJ6MgEPxF0bYdQ6etZaA+fQvDcLKckhy1yIQOzaoKjBBjSj63/aLVjYE3qhRt5dvM+uUyfCg6UKCBbA==",
      "license": "MIT",
      "dependencies": {
        "@jridgewell/sourcemap-codec": "^1.5.0",
        "@jridgewell/trace-mapping": "^0.3.24"
      }
    },
    "node_modules/@jridgewell/resolve-uri": {
      "version": "3.1.2",
      "resolved": "https://registry.npmjs.org/@jridgewell/resolve-uri/-/resolve-uri-3.1.2.tgz",
      "integrity": "sha512-bRISgCIjP20/tbWSPWMEi54QVPRZExkuD9lJL+UIxUKtwVJA8wW1Trb1jMs1RFXo1CBTNZ/5hpC9QvmKWdopKw==",
      "license": "MIT",
      "engines": {
        "node": ">=6.0.0"
      }
    },
    "node_modules/@jridgewell/sourcemap-codec": {
      "version": "1.5.5",
      "resolved": "https://registry.npmjs.org/@jridgewell/sourcemap-codec/-/sourcemap-codec-1.5.5.tgz",
      "integrity": "sha512-cYQ9310grqxueWbl+WuIUIaiUaDcj7WOq5fVhEljNVgRfOUhY9fy2zTvfoqWsnebh8Sl70VScFbICvJnLKB0Og==",
      "license": "MIT"
    },
    "node_modules/@jridgewell/trace-mapping": {
      "version": "0.3.31",
      "resolved": "https://registry.npmjs.org/@jridgewell/trace-mapping/-/trace-mapping-0.3.31.tgz",
      "integrity": "sha512-zzNR+SdQSDJzc8joaeP8QQoCQr8NuYx2dIIytl1QeBEZHJ9uW6hebsrYgbz8hJwUQao3TWCMtmfV8Nu1twOLAw==",
      "license": "MIT",
      "dependencies": {
        "@jridgewell/resolve-uri": "^3.1.0",
        "@jridgewell/sourcemap-codec": "^1.4.14"
      }
    },
    "node_modules/@statsig/client-core": {
      "version": "3.25.3",
      "resolved": "https://registry.npmjs.org/@statsig/client-core/-/client-core-3.25.3.tgz",
      "integrity": "sha512-QmLigHO4aN9NHQLVvoP8bYFbuFFWaNJVm6RM59yQDAaW8AynMHjrmWtValpSD/sRjwEUUZBpQty0ciJCg56e9Q==",
      "license": "ISC"
    },
    "node_modules/@statsig/js-client": {
      "version": "3.25.3",
      "resolved": "https://registry.npmjs.org/@statsig/js-client/-/js-client-3.25.3.tgz",
      "integrity": "sha512-yySqWNONM/fHIUgTtF5QEYJqrnLaoBstPLCfJlCAbrTAzX+QnPYBzGcHBPlIFdRI4txP76RWCTnb9hRxyLZbsg==",
      "license": "ISC",
      "dependencies": {
        "@statsig/client-core": "3.25.3"
      }
    },
    "node_modules/@types/linkify-it": {
      "version": "5.0.0",
      "resolved": "https://registry.npmjs.org/@types/linkify-it/-/linkify-it-5.0.0.tgz",
      "integrity": "sha512-sVDA58zAw4eWAffKOaQH5/5j3XeayukzDk+ewSsnv3p4yJEZHCCzMDiZM8e0OUrRvmpGZ85jf4yDHkHsgBNr9Q==",
      "license": "MIT"
    },
    "node_modules/@types/markdown-it": {
      "version": "14.1.2",
      "resolved": "https://registry.npmjs.org/@types/markdown-it/-/markdown-it-14.1.2.tgz",
      "integrity": "sha512-promo4eFwuiW+TfGxhi+0x3czqTYJkG8qB17ZUJiVF10Xm7NLVRSLUsfRTU/6h1e24VvRnXCx+hG7li58lkzog==",
      "license": "MIT",
      "dependencies": {
        "@types/linkify-it": "^5",
        "@types/mdurl": "^2"
      }
    },
    "node_modules/@types/mdurl": {
      "version": "2.0.0",
      "resolved": "https://registry.npmjs.org/@types/mdurl/-/mdurl-2.0.0.tgz",
      "integrity": "sha512-RGdgjQUZba5p6QEFAVx2OGb8rQDL/cPRG7GiedRzMcJ1tYnUANBncjbSB1NRGwbvjcPeikRABz2nshyPk1bhWg==",
      "license": "MIT"
    },
    "node_modules/argparse": {
      "version": "2.0.1",
      "resolved": "https://registry.npmjs.org/argparse/-/argparse-2.0.1.tgz",
      "integrity": "sha512-8+9WqebbFzpX9OR+Wa6O29asIogeRMzcGtAINdpMHHyAg10f05aSFVBbcEqGf/PXw1EjAZ+q2/bEBg3DvurK3Q==",
      "license": "Python-2.0"
    },
    "node_modules/bind-event-listener": {
      "version": "3.0.0",
      "resolved": "https://registry.npmjs.org/bind-event-listener/-/bind-event-listener-3.0.0.tgz",
      "integrity": "sha512-PJvH288AWQhKs2v9zyfYdPzlPqf5bXbGMmhmUIY9x4dAUGIWgomO771oBQNwJnMQSnUIXhKu6sgzpBRXTlvb8Q==",
      "license": "MIT"
    },
    "node_modules/css-color-names": {
      "version": "0.0.4",
      "resolved": "https://registry.npmjs.org/css-color-names/-/css-color-names-0.0.4.tgz",
      "integrity": "sha512-zj5D7X1U2h2zsXOAM8EyUREBnnts6H+Jm+d1M2DbiQQcUtnqgQsMrdo8JW9R80YFUmIdBZeMu5wvYM7hcgWP/Q==",
      "license": "MIT",
      "engines": {
        "node": "*"
      }
    },
    "node_modules/debug": {
      "version": "4.4.3",
      "resolved": "https://registry.npmjs.org/debug/-/debug-4.4.3.tgz",
      "integrity": "sha512-RGwwWnwQvkVfavKVt22FGLw+xYSdzARwm0ru6DhTVA3umU5hZc28V3kO4stgYryrTlLpuvgI9GiijltAjNbcqA==",
      "license": "MIT",
      "dependencies": {
        "ms": "^2.1.3"
      },
      "engines": {
        "node": ">=6.0"
      },
      "peerDependenciesMeta": {
        "supports-color": {
          "optional": true
        }
      }
    },
    "node_modules/entities": {
      "version": "3.0.1",
      "resolved": "https://registry.npmjs.org/entities/-/entities-3.0.1.tgz",
      "integrity": "sha512-WiyBqoomrwMdFG1e0kqvASYfnlb0lp8M5o5Fw2OFq1hNZxxcNk8Ik0Xm7LxzBhuidnZB/UtBqVCgUz3kBOP51Q==",
      "license": "BSD-2-Clause",
      "engines": {
        "node": ">=0.12"
      },
      "funding": {
        "url": "https://github.com/fb55/entities?sponsor=1"
      }
    },
    "node_modules/esbuild": {
      "version": "0.25.9",
      "resolved": "https://registry.npmjs.org/esbuild/-/esbuild-0.25.9.tgz",
      "integrity": "sha512-CRbODhYyQx3qp7ZEwzxOk4JBqmD/seJrzPa/cGjY1VtIn5E09Oi9/dB4JwctnfZ8Q8iT7rioVv5k/FNT/uf54g==",
      "hasInstallScript": true,
      "license": "MIT",
      "bin": {
        "esbuild": "bin/esbuild"
      },
      "engines": {
        "node": ">=18"
      },
      "optionalDependencies": {
        "@esbuild/aix-ppc64": "0.25.9",
        "@esbuild/android-arm": "0.25.9",
        "@esbuild/android-arm64": "0.25.9",
        "@esbuild/android-x64": "0.25.9",
        "@esbuild/darwin-arm64": "0.25.9",
        "@esbuild/darwin-x64": "0.25.9",
        "@esbuild/freebsd-arm64": "0.25.9",
        "@esbuild/freebsd-x64": "0.25.9",
        "@esbuild/linux-arm": "0.25.9",
        "@esbuild/linux-arm64": "0.25.9",
        "@esbuild/linux-ia32": "0.25.9",
        "@esbuild/linux-loong64": "0.25.9",
        "@esbuild/linux-mips64el": "0.25.9",
        "@esbuild/linux-ppc64": "0.25.9",
        "@esbuild/linux-riscv64": "0.25.9",
        "@esbuild/linux-s390x": "0.25.9",
        "@esbuild/linux-x64": "0.25.9",
        "@esbuild/netbsd-arm64": "0.25.9",
        "@esbuild/netbsd-x64": "0.25.9",
        "@esbuild/openbsd-arm64": "0.25.9",
        "@esbuild/openbsd-x64": "0.25.9",
        "@esbuild/openharmony-arm64": "0.25.9",
        "@esbuild/sunos-x64": "0.25.9",
        "@esbuild/win32-arm64": "0.25.9",
        "@esbuild/win32-ia32": "0.25.9",
        "@esbuild/win32-x64": "0.25.9"
      }
    },
    "node_modules/eventemitter2": {
      "version": "4.1.2",
      "resolved": "https://registry.npmjs.org/eventemitter2/-/eventemitter2-4.1.2.tgz",
      "integrity": "sha512-erx0niBaTi8B7ywjGAcg8ilGNRl/xs/o4MO2ZMpRlpZ62mYzjGTBlOpxxRIrPQqBs9mbXkEux6aR+Sc5vQ/wUw==",
      "license": "MIT"
    },
    "node_modules/eventemitter3": {
      "version": "4.0.7",
      "resolved": "https://registry.npmjs.org/eventemitter3/-/eventemitter3-4.0.7.tgz",
      "integrity": "sha512-8guHBZCwKnFhYdHr2ysuRWErTwhoN2X8XELRlrRwpmfeY2jjuUN4taQMsULKUVo1K4DvZl+0pgfyoysHxvmvEw==",
      "license": "MIT"
    },
    "node_modules/js-tokens": {
      "version": "4.0.0",
      "resolved": "https://registry.npmjs.org/js-tokens/-/js-tokens-4.0.0.tgz",
      "integrity": "sha512-RdJUflcE3cUzKiMqQgsCu06FPu9UdIJO0beYbPhHN4k6apgJtifcoCtT9bcxOpYBtpD2kCM6Sbzg4CausW/PKQ==",
      "license": "MIT"
    },
    "node_modules/jsesc": {
      "version": "3.1.0",
      "resolved": "https://registry.npmjs.org/jsesc/-/jsesc-3.1.0.tgz",
      "integrity": "sha512-/sM3dO2FOzXjKQhJuo0Q173wf2KOo8t4I8vHy6lF9poUp7bKT0/NHE8fPX23PwfhnykfqnC2xRxOnVw5XuGIaA==",
      "license": "MIT",
      "bin": {
        "jsesc": "bin/jsesc"
      },
      "engines": {
        "node": ">=6"
      }
    },
    "node_modules/linkify-it": {
      "version": "2.2.0",
      "resolved": "https://registry.npmjs.org/linkify-it/-/linkify-it-2.2.0.tgz",
      "integrity": "sha512-GnAl/knGn+i1U/wjBz3akz2stz+HrHLsxMwHQGofCDfPvlf+gDKN58UtfmUquTY4/MXeE2x7k19KQmeoZi94Iw==",
      "license": "MIT",
      "dependencies": {
        "uc.micro": "^1.0.1"
      }
    },
    "node_modules/lodash": {
      "version": "4.17.21",
      "resolved": "https://registry.npmjs.org/lodash/-/lodash-4.17.21.tgz",
      "integrity": "sha512-v2kDEe57lecTulaDIuNTPy3Ry4gLGJ6Z1O3vE1krgXZNrsQ+LFTGHVxVjcXPs17LhbZVGedAJv8XZ1tvj5FvSg==",
      "license": "MIT"
    },
    "node_modules/loose-envify": {
      "version": "1.4.0",
      "resolved": "https://registry.npmjs.org/loose-envify/-/loose-envify-1.4.0.tgz",
      "integrity": "sha512-lyuxPGr/Wfhrlem2CL/UcnUc1zcqKAImBDzukY7Y5F/yQiNdko6+fRLevlw1HgMySw7f611UIY408EtxRSoK3Q==",
      "license": "MIT",
      "peer": true,
      "dependencies": {
        "js-tokens": "^3.0.0 || ^4.0.0"
      },
      "bin": {
        "loose-envify": "cli.js"
      }
    },
    "node_modules/markdown-it": {
      "version": "13.0.2",
      "resolved": "https://registry.npmjs.org/markdown-it/-/markdown-it-13.0.2.tgz",
      "integrity": "sha512-FtwnEuuK+2yVU7goGn/MJ0WBZMM9ZPgU9spqlFs7/A/pDIUNSOQZhUgOqYCficIuR2QaFnrt8LHqBWsbTAoI5w==",
      "license": "MIT",
      "dependencies": {
        "argparse": "^2.0.1",
        "entities": "~3.0.1",
        "linkify-it": "^4.0.1",
        "mdurl": "^1.0.1",
        "uc.micro": "^1.0.5"
      },
      "bin": {
        "markdown-it": "bin/markdown-it.js"
      }
    },
    "node_modules/markdown-it-table": {
      "version": "2.0.6",
      "resolved": "https://registry.npmjs.org/markdown-it-table/-/markdown-it-table-2.0.6.tgz",
      "integrity": "sha512-TvVf4yCSK8YrxnOldEehkkHlDy4Tzk+QrMf1/YVo+YIwzZZyoyy80blnVVsbluNJ3WiebTkXepqbOZh0ONunbA==",
      "license": "MIT",
      "engines": {
        "node": "*"
      }
    },
    "node_modules/markdown-it/node_modules/linkify-it": {
      "version": "4.0.1",
      "resolved": "https://registry.npmjs.org/linkify-it/-/linkify-it-4.0.1.tgz",
      "integrity": "sha512-C7bfi1UZmoj8+PQx22XyeXCuBlokoyWQL5pWSP+EI6nzRylyThouddufc2c1NDIcP9k5agmN9fLpA7VNJfIiqw==",
      "license": "MIT",
      "dependencies": {
        "uc.micro": "^1.0.1"
      }
    },
    "node_modules/mdurl": {
      "version": "1.0.1",
      "resolved": "https://registry.npmjs.org/mdurl/-/mdurl-1.0.1.tgz",
      "integrity": "sha512-/sKlQJCBYVY9Ers9hqzKou4H6V5UWc/M59TH2dvkt+84itfnq7uFOMLpOiOS4ujvHP4etln18fmIxA5R5fll0g==",
      "license": "MIT"
    },
    "node_modules/memoize-one": {
      "version": "6.0.0",
      "resolved": "https://registry.npmjs.org/memoize-one/-/memoize-one-6.0.0.tgz",
      "integrity": "sha512-rkpe71W0N0c0Xz6QD0eJETuWAJGnJ9afsl1srmwPrI+yBCkge5EycXXbYRyvL29zZVUWQCY7InPRCv3GDXuZNw==",
      "license": "MIT"
    },
    "node_modules/ms": {
      "version": "2.1.3",
      "resolved": "https://registry.npmjs.org/ms/-/ms-2.1.3.tgz",
      "integrity": "sha512-6FlzubTLZG3J2a/NVCAleEhjzq5oxgHyaCU9yYXvcLsvoVaHJq/s5xXI6/XXP6tz7R9xAOtHnSO/tXtF3WRTlA==",
      "license": "MIT"
    },
    "node_modules/orderedmap": {
      "version": "2.1.1",
      "resolved": "https://registry.npmjs.org/orderedmap/-/orderedmap-2.1.1.tgz",
      "integrity": "sha512-TvAWxi0nDe1j/rtMcWcIj94+Ffe6n7zhow33h40SKxmsmozs6dz/e+EajymfoFcHd7sxNn8yHM8839uixMOV6g==",
      "license": "MIT"
    },
    "node_modules/picocolors": {
      "version": "1.1.1",
      "resolved": "https://registry.npmjs.org/picocolors/-/picocolors-1.1.1.tgz",
      "integrity": "sha512-xceH2snhtb5M9liqDsmEw56le376mTZkEX/jEb/RxNFyegNul7eNslCXP9FDj/Lcu0X8KEyMceP2ntpaHrDEVA==",
      "license": "ISC"
    },
    "node_modules/prosemirror-commands": {
      "version": "1.6.2",
      "resolved": "https://registry.npmjs.org/prosemirror-commands/-/prosemirror-commands-1.6.2.tgz",
      "integrity": "sha512-0nDHH++qcf/BuPLYvmqZTUUsPJUCPBUXt0J1ErTcDIS369CTp773itzLGIgIXG4LJXOlwYCr44+Mh4ii6MP1QA==",
      "license": "MIT",
      "dependencies": {
        "prosemirror-model": "^1.0.0",
        "prosemirror-state": "^1.0.0",
        "prosemirror-transform": "^1.10.2"
      }
    },
    "node_modules/prosemirror-dropcursor": {
      "version": "1.8.1",
      "resolved": "https://registry.npmjs.org/prosemirror-dropcursor/-/prosemirror-dropcursor-1.8.1.tgz",
      "integrity": "sha512-M30WJdJZLyXHi3N8vxN6Zh5O8ZBbQCz0gURTfPmTIBNQ5pxrdU7A58QkNqfa98YEjSAL1HUyyU34f6Pm5xBSGw==",
      "license": "MIT",
      "dependencies": {
        "prosemirror-state": "^1.0.0",
        "prosemirror-transform": "^1.1.0",
        "prosemirror-view": "^1.1.0"
      }
    },
    "node_modules/prosemirror-history": {
      "version": "1.4.1",
      "resolved": "https://registry.npmjs.org/prosemirror-history/-/prosemirror-history-1.4.1.tgz",
      "integrity": "sha512-2JZD8z2JviJrboD9cPuX/Sv/1ChFng+xh2tChQ2X4bB2HeK+rra/bmJ3xGntCcjhOqIzSDG6Id7e8RJ9QPXLEQ==",
      "license": "MIT",
      "dependencies": {
        "prosemirror-state": "^1.2.2",
        "prosemirror-transform": "^1.0.0",
        "prosemirror-view": "^1.31.0",
        "rope-sequence": "^1.3.0"
      }
    },
    "node_modules/prosemirror-keymap": {
      "version": "1.2.2",
      "resolved": "https://registry.npmjs.org/prosemirror-keymap/-/prosemirror-keymap-1.2.2.tgz",
      "integrity": "sha512-EAlXoksqC6Vbocqc0GtzCruZEzYgrn+iiGnNjsJsH4mrnIGex4qbLdWWNza3AW5W36ZRrlBID0eM6bdKH4OStQ==",
      "license": "MIT",
      "dependencies": {
        "prosemirror-state": "^1.0.0",
        "w3c-keyname": "^2.2.0"
      }
    },
    "node_modules/prosemirror-markdown": {
      "version": "1.13.1",
      "resolved": "https://registry.npmjs.org/prosemirror-markdown/-/prosemirror-markdown-1.13.1.tgz",
      "integrity": "sha512-Sl+oMfMtAjWtlcZoj/5L/Q39MpEnVZ840Xo330WJWUvgyhNmLBLN7MsHn07s53nG/KImevWHSE6fEj4q/GihHw==",
      "license": "MIT",
      "dependencies": {
        "@types/markdown-it": "^14.0.0",
        "markdown-it": "^14.0.0",
        "prosemirror-model": "^1.20.0"
      }
    },
    "node_modules/prosemirror-markdown/node_modules/entities": {
      "version": "4.5.0",
      "resolved": "https://registry.npmjs.org/entities/-/entities-4.5.0.tgz",
      "integrity": "sha512-V0hjH4dGPh9Ao5p0MoRY6BVqtwCjhz6vI5LT8AJ55H+4g9/4vbHx1I54fS0XuclLhDHArPQCiMjDxjaL8fPxhw==",
      "license": "BSD-2-Clause",
      "engines": {
        "node": ">=0.12"
      },
      "funding": {
        "url": "https://github.com/fb55/entities?sponsor=1"
      }
    },
    "node_modules/prosemirror-markdown/node_modules/linkify-it": {
      "version": "5.0.0",
      "resolved": "https://registry.npmjs.org/linkify-it/-/linkify-it-5.0.0.tgz",
      "integrity": "sha512-5aHCbzQRADcdP+ATqnDuhhJ/MRIqDkZX5pyjFHRRysS8vZ5AbqGEoFIb6pYHPZ+L/OC2Lc+xT8uHVVR5CAK/wQ==",
      "license": "MIT",
      "dependencies": {
        "uc.micro": "^2.0.0"
      }
    },
    "node_modules/prosemirror-markdown/node_modules/markdown-it": {
      "version": "14.1.0",
      "resolved": "https://registry.npmjs.org/markdown-it/-/markdown-it-14.1.0.tgz",
      "integrity": "sha512-a54IwgWPaeBCAAsv13YgmALOF1elABB08FxO9i+r4VFk5Vl4pKokRPeX8u5TCgSsPi6ec1otfLjdOpVcgbpshg==",
      "license": "MIT",
      "dependencies": {
        "argparse": "^2.0.1",
        "entities": "^4.4.0",
        "linkify-it": "^5.0.0",
        "mdurl": "^2.0.0",
        "punycode.js": "^2.3.1",
        "uc.micro": "^2.1.0"
      },
      "bin": {
        "markdown-it": "bin/markdown-it.mjs"
      }
    },
    "node_modules/prosemirror-markdown/node_modules/mdurl": {
      "version": "2.0.0",
      "resolved": "https://registry.npmjs.org/mdurl/-/mdurl-2.0.0.tgz",
      "integrity": "sha512-Lf+9+2r+Tdp5wXDXC4PcIBjTDtq4UKjCPMQhKIuzpJNW0b96kVqSwW0bT7FhRSfmAiFYgP+SCRvdrDozfh0U5w==",
      "license": "MIT"
    },
    "node_modules/prosemirror-markdown/node_modules/uc.micro": {
      "version": "2.1.0",
      "resolved": "https://registry.npmjs.org/uc.micro/-/uc.micro-2.1.0.tgz",
      "integrity": "sha512-ARDJmphmdvUk6Glw7y9DQ2bFkKBHwQHLi2lsaH6PPmz/Ka9sFOBsBluozhDltWmnv9u/cF6Rt87znRTPV+yp/A==",
      "license": "MIT"
    },
    "node_modules/prosemirror-model": {
      "version": "1.24.1",
      "resolved": "https://registry.npmjs.org/prosemirror-model/-/prosemirror-model-1.24.1.tgz",
      "integrity": "sha512-YM053N+vTThzlWJ/AtPtF1j0ebO36nvbmDy4U7qA2XQB8JVaQp1FmB9Jhrps8s+z+uxhhVTny4m20ptUvhk0Mg==",
      "license": "MIT",
      "dependencies": {
        "orderedmap": "^2.0.0"
      }
    },
    "node_modules/prosemirror-state": {
      "version": "1.4.3",
      "resolved": "https://registry.npmjs.org/prosemirror-state/-/prosemirror-state-1.4.3.tgz",
      "integrity": "sha512-goFKORVbvPuAQaXhpbemJFRKJ2aixr+AZMGiquiqKxaucC6hlpHNZHWgz5R7dS4roHiwq9vDctE//CZ++o0W1Q==",
      "license": "MIT",
      "dependencies": {
        "prosemirror-model": "^1.0.0",
        "prosemirror-transform": "^1.0.0",
        "prosemirror-view": "^1.27.0"
      }
    },
    "node_modules/prosemirror-transform": {
      "version": "1.10.2",
      "resolved": "https://registry.npmjs.org/prosemirror-transform/-/prosemirror-transform-1.10.2.tgz",
      "integrity": "sha512-2iUq0wv2iRoJO/zj5mv8uDUriOHWzXRnOTVgCzSXnktS/2iQRa3UUQwVlkBlYZFtygw6Nh1+X4mGqoYBINn5KQ==",
      "license": "MIT",
      "dependencies": {
        "prosemirror-model": "^1.21.0"
      }
    },
    "node_modules/prosemirror-utils": {
      "version": "1.2.2",
      "resolved": "https://registry.npmjs.org/prosemirror-utils/-/prosemirror-utils-1.2.2.tgz",
      "integrity": "sha512-7a2MPf99oCW8/587rQYI1/snX71Ban40+apr1hLkY8TmU9YXd7JeR6QsmktcTisJURO3WRjxIia4lTMsYgZVOw==",
      "license": "Apache-2.0",
      "peerDependencies": {
        "prosemirror-model": "^1.19.2",
        "prosemirror-state": "^1.4.3"
      }
    },
    "node_modules/prosemirror-view": {
      "version": "1.37.1",
      "resolved": "https://registry.npmjs.org/prosemirror-view/-/prosemirror-view-1.37.1.tgz",
      "integrity": "sha512-MEAnjOdXU1InxEmhjgmEzQAikaS6lF3hD64MveTPpjOGNTl87iRLA1HupC/DEV6YuK7m4Q9DHFNTjwIVtqz5NA==",
      "license": "MIT",
      "dependencies": {
        "prosemirror-model": "^1.20.0",
        "prosemirror-state": "^1.0.0",
        "prosemirror-transform": "^1.1.0"
      }
    },
    "node_modules/punycode.js": {
      "version": "2.3.1",
      "resolved": "https://registry.npmjs.org/punycode.js/-/punycode.js-2.3.1.tgz",
      "integrity": "sha512-uxFIHU0YlHYhDQtV4R9J6a52SLx28BCjT+4ieh7IGbgwVJWO+km431c4yRlREUAsAmt/uMjQUyQHNEPf0M39CA==",
      "license": "MIT",
      "engines": {
        "node": ">=6"
      }
    },
    "node_modules/react": {
      "version": "18.3.1",
      "resolved": "https://registry.npmjs.org/react/-/react-18.3.1.tgz",
      "integrity": "sha512-wS+hAgJShR0KhEvPJArfuPVN1+Hz1t0Y6n5jLrGQbkb4urgPE/0Rve+1kMB1v/oWgHgm4WIcV+i7F2pTVj+2iQ==",
      "license": "MIT",
      "peer": true,
      "dependencies": {
        "loose-envify": "^1.1.0"
      },
      "engines": {
        "node": ">=0.10.0"
      }
    },
    "node_modules/react-uid": {
      "version": "2.4.0",
      "resolved": "https://registry.npmjs.org/react-uid/-/react-uid-2.4.0.tgz",
      "integrity": "sha512-+MVs/25NrcZuGrmlVRWPOSsbS8y72GJOBsR7d68j3/wqOrRBF52U29XAw4+XSelw0Vm6s5VmGH5mCbTCPGVCVg==",
      "license": "MIT",
      "dependencies": {
        "tslib": "^2.0.0"
      },
      "engines": {
        "node": ">=10"
      },
      "peerDependencies": {
        "@types/react": "^16.8.0 || ^17.0.0 || ^18.0.0 || ^19.0.0",
        "react": "^16.8.0 || ^17.0.0 || ^18.0.0 || ^19.0.0"
      },
      "peerDependenciesMeta": {
        "@types/react": {
          "optional": true
        }
      }
    },
    "node_modules/rope-sequence": {
      "version": "1.3.4",
      "resolved": "https://registry.npmjs.org/rope-sequence/-/rope-sequence-1.3.4.tgz",
      "integrity": "sha512-UT5EDe2cu2E/6O4igUr5PSFs23nvvukicWHx6GnOPlHAiiYbzNuCRQCuiUdHJQcqKalLKlrYJnjY0ySGsXNQXQ==",
      "license": "MIT"
    },
    "node_modules/tiny-invariant": {
      "version": "1.3.3",
      "resolved": "https://registry.npmjs.org/tiny-invariant/-/tiny-invariant-1.3.3.tgz",
      "integrity": "sha512-+FbBPE1o9QAYvviau/qC5SE3caw21q3xkvWKBtja5vgqOWIHHJ3ioaq1VPfn/Szqctz2bU/oYeKd9/z5BL+PVg==",
      "license": "MIT"
    },
    "node_modules/tslib": {
      "version": "2.8.1",
      "resolved": "https://registry.npmjs.org/tslib/-/tslib-2.8.1.tgz",
      "integrity": "sha512-oJFu94HQb+KVduSUQL7wnpmqnfmLsOA/nAh6b6EH0wCEoK0/mPeXU6c3wKDV83MkOuHPRHtSXKKU99IBazS/2w==",
      "license": "0BSD"
    },
    "node_modules/uc.micro": {
      "version": "1.0.6",
      "resolved": "https://registry.npmjs.org/uc.micro/-/uc.micro-1.0.6.tgz",
      "integrity": "sha512-8Y75pvTYkLJW2hWQHXxoqRgV7qb9B+9vFEtidML+7koHUFapnVJAZ6cKs+Qjz5Aw3aZWHMC6u0wJE3At+nSGwA==",
      "license": "MIT"
    },
    "node_modules/w3c-keyname": {
      "version": "2.2.8",
      "resolved": "https://registry.npmjs.org/w3c-keyname/-/w3c-keyname-2.2.8.tgz",
      "integrity": "sha512-dpojBhNsCNN7T82Tm7k26A6G9ML3NkhDsnw9n/eoxSRlVBB4CEtIQ/KTCLI2Fwf3ataSXRhYFkQi3SlnFwPvPQ==",
      "license": "MIT"
    }
  }
}
