lockfileVersion: '9.0'

settings:
  autoInstallPeers: true
  excludeLinksFromLockfile: false

importers:

  .:
    dependencies:
      '@atlaskit/editor-json-transformer':
        specifier: 8.33.1
        version: 8.33.1(react@18.3.1)
      '@atlaskit/editor-markdown-transformer':
        specifier: 5.21.1
        version: 5.21.1(react@18.3.1)
      '@atlaskit/editor-wikimarkup-transformer':
        specifier: 11.20.15
        version: 11.20.15(react@18.3.1)
    devDependencies:
      esbuild:
        specifier: 0.28.1
        version: 0.28.1

packages:

  '@atlaskit/adf-schema-generator@2.4.0':
    resolution: {integrity: sha512-67OANQ8dqp2tJbrHjP9vcwf3aQ90t8pyzT66YSc0Fw/52qibUEQtXU5QEQZFtq7Y0go0YreeLdO8dkH6R+zMAA==}

  '@atlaskit/adf-schema@52.16.6':
    resolution: {integrity: sha512-X7IBM999SaFCA8367JMUWfevOQOHaA8kLuXJFO1hjAvbqKvqQff7qkZVRux8hIFqxbcSowO/6z/NHrtPF7mceg==}

  '@atlaskit/adf-schema@53.0.0':
    resolution: {integrity: sha512-uSb4jWVN6nETQ72HP1M07KDGDVZ5iUvT2JYRmUvaGkuf2O1wZrbXOHAjHBrMzT2HLNZ3zmzwHdJENHpU+hjYXA==}

  '@atlaskit/adf-utils@19.33.0':
    resolution: {integrity: sha512-1EXQUDueAUy1JgIqzX8Y7FI+8tbPI5KcsSfv0flP6rkkOwD0M/tPGdVaIY7gixJ5sRXYMUuuzeFqYhYsmQ95ng==}

  '@atlaskit/atlassian-context@0.10.0':
    resolution: {integrity: sha512-4/cWFp+mxIYqPmcn3NSHf/JNL/8bRx0/+lpFTsc1C5nfjyyeuFG18pDQBtNn6kMDjGLAt06TSXEgwZV+P4zmGg==}
    peerDependencies:
      react: ^18.2.0 || ^19.0.0

  '@atlaskit/browser-apis@0.0.2':
    resolution: {integrity: sha512-3mfBAVBx8ReUlILUGdsc+G1JlrA0DvFAbOMorJfsIvsOqJViABxjQyW05psbnLoLZD/CT3+9jCHSHOIY8Gwtyw==}
    peerDependencies:
      react: ^18.2.0

  '@atlaskit/editor-json-transformer@8.33.0':
    resolution: {integrity: sha512-ce0hbcGcXIr4M1FCMVkM4RGxdxScroICN4t+dEDbdI4ihVLqMti4+v41cugxbceh1dpd6CJ/z6pGmpzO74nRww==}

  '@atlaskit/editor-json-transformer@8.33.1':
    resolution: {integrity: sha512-yfYap9LvORqdOy6nxtB3+JqekQ1Suec7ZS1PE32gtLhwkl8PjT+pJqTiwgF1gUdxXBxSVdjoRri2oQKDvh/IiQ==}

  '@atlaskit/editor-markdown-transformer@5.21.1':
    resolution: {integrity: sha512-Gu7jmtX9iMsKEvrkzEH3FclGkXZJ7BheAhcqVZO18NFW+vZmB4EpQX1VrwKaOhzWxrolVDXMtvrstWLkGQN4AQ==}

  '@atlaskit/editor-prosemirror@7.3.0':
    resolution: {integrity: sha512-6KB4CuURZ+fU1DJMlmCox6q8T5ooVaCE+eZVrAlcODIfTyLu/wCvJfPJLOJUPZBvzCHqoWCebFmpu39uwUUleg==}

  '@atlaskit/editor-wikimarkup-transformer@11.20.15':
    resolution: {integrity: sha512-CwUsOmItmGm6gmdgEsIpWnoG/2Rjeufem8M5NFexpOMvYGOBf0uM9Uc4aqKvv47nHkkCSJdEpBP6Ke0xZf6SEA==}

  '@atlaskit/feature-gate-js-client@5.7.2':
    resolution: {integrity: sha512-82ItxZN7aVftw2AVV/JY8wU7Z4Zmmv4rquSEWNTzsjh3/5vjPi2Rfo6iCzRqJjpg/8eNQWOZ5Pq3oL9IPfz2vA==}

  '@atlaskit/interaction-context@3.1.0':
    resolution: {integrity: sha512-LB3T0ATpJ5y7/IVBndNbcjtaNmPcz/8k7+smMibzphmV7xB3HaIyJFEu2JoSmgps66qLXo0ia8Hj7v4dF9zJZw==}
    peerDependencies:
      react: ^18.2.0

  '@atlaskit/platform-feature-flags@1.1.3':
    resolution: {integrity: sha512-dRn6UvVmMF5+WXnv7ZlxKTV2rVQncI2TgM0KTGSqpHdD9LnogITWC/rFjzUuF/W8MBCEvpouGilukqhq6rASnw==}

  '@atlaskit/react-ufo@6.7.3':
    resolution: {integrity: sha512-yJVfCGtmQWsC2/yu0TgAN5FPXpincZG8rkeBz5mBS96KrJOfrjZywSkVsfdI8QdtjJ3BHaXG4Mfcx1cp2RMbVw==}
    peerDependencies:
      react: ^18.2.0

  '@atlaskit/tmp-editor-statsig@94.0.0':
    resolution: {integrity: sha512-ItaZz7IN3jwOUPW5Yy4zG0AeGlz2O6RbWXkM9ASLc45dtq6acSXWDkrww964MH8YPibY0tBCxf6F/4HaydXHVA==}
    peerDependencies:
      react: ^18.2.0

  '@babel/runtime@7.29.7':
    resolution: {integrity: sha512-Nq8OhGWiZIZGV6hLHoyAKLLcJihP/xFeBMGJoUrxTX2psI8dCifzLhZISFb+VWS3wFMRDmCGw5R+dOySCqPLhw==}
    engines: {node: '>=6.9.0'}

  '@esbuild/aix-ppc64@0.28.1':
    resolution: {integrity: sha512-Svl7tq8k/08+p6CXPpRjQ1fKX+1odH/BQbb48fV6fj3CWHhsoIOoY87w1oHXm0qEpkIK3ZfVgp0hed3XBXzXMQ==}
    engines: {node: '>=18'}
    cpu: [ppc64]
    os: [aix]

  '@esbuild/android-arm64@0.28.1':
    resolution: {integrity: sha512-34EGEbCIAgosYz6goLcopX6Mo7NyGv9tfwEM2/7Ce2VcVRk568iSvniGWcUXIy7wEDR1wzolcxcriFVrWYcwBg==}
    engines: {node: '>=18'}
    cpu: [arm64]
    os: [android]

  '@esbuild/android-arm@0.28.1':
    resolution: {integrity: sha512-0k2F129Xdio1TdJfzJ8sy1Q47vUD2NnwdhiAf7drUN1EBTfPf4hsFCtmMgu/6m8JSzsBrlmVjudMBQqOfG8usQ==}
    engines: {node: '>=18'}
    cpu: [arm]
    os: [android]

  '@esbuild/android-x64@0.28.1':
    resolution: {integrity: sha512-dbwY7ltSMDWsRatcRpCnES4F+im88OCUgGZjy52shC7GqHRE/cYlxNbB4Z4UpJswpcc4Qxd2oE/ufM0p61IKng==}
    engines: {node: '>=18'}
    cpu: [x64]
    os: [android]

  '@esbuild/darwin-arm64@0.28.1':
    resolution: {integrity: sha512-TZbWkQY7kvTAXbXUT7uVACR5cMHsDiSz9z7ZKAX/RTq/WJEk3QyRr0wZpNhBDX+/0CtdqUIJlOiodQcta6tY3Q==}
    engines: {node: '>=18'}
    cpu: [arm64]
    os: [darwin]

  '@esbuild/darwin-x64@0.28.1':
    resolution: {integrity: sha512-zfdzgK9ACBNZLI/CyHTOx81SyNbM6YXn7rxSgX97VjyiPl9W1i4Ka4fgKECEoFCKGpvBj5qArWIGgQjOwkgskQ==}
    engines: {node: '>=18'}
    cpu: [x64]
    os: [darwin]

  '@esbuild/freebsd-arm64@0.28.1':
    resolution: {integrity: sha512-wG2EA8ENdEI0qhkSZMjfqrdY+ziCYCPMmtZjjIwOmXFjmyzEHn+UUxk5of+SYsjtfs3VpnlC7QLzSI5hY/rOAw==}
    engines: {node: '>=18'}
    cpu: [arm64]
    os: [freebsd]

  '@esbuild/freebsd-x64@0.28.1':
    resolution: {integrity: sha512-i7dZ9vQgnvSCzi/rYCXNgtF/U+eKZNJBzu3eTQbRgHnM7tNSizLOkRFAl3qzVc/Op/u5YkHHa4pf/3DOYHthLQ==}
    engines: {node: '>=18'}
    cpu: [x64]
    os: [freebsd]

  '@esbuild/linux-arm64@0.28.1':
    resolution: {integrity: sha512-yHs+0uc8+nvEAfAfxrWQKK5peSNzBc4PegcMO0EJ2hT71uA7vB8Ihg2e77R2P7SG5uYjPbHlLLmve4LLLRCf0g==}
    engines: {node: '>=18'}
    cpu: [arm64]
    os: [linux]

  '@esbuild/linux-arm@0.28.1':
    resolution: {integrity: sha512-qVXBOHQS+d5Y722GwJzJUtOLlX7km3CraOaGormF1pDtPd2C/l1SHRPgjLunLGe51Sh5YYWKMFDyV4SxgMQYTQ==}
    engines: {node: '>=18'}
    cpu: [arm]
    os: [linux]

  '@esbuild/linux-ia32@0.28.1':
    resolution: {integrity: sha512-d1z4ZuP0ajrfz/FhGT4vv278rX8KnPPJx8i5+AtK7TYbx9Le9F1hyzurZpkEyjkGa9dUGhQow4C1NmeGvqxN2w==}
    engines: {node: '>=18'}
    cpu: [ia32]
    os: [linux]

  '@esbuild/linux-loong64@0.28.1':
    resolution: {integrity: sha512-M5sRjUVZrkm1OAPR3dlOYzNmN+loZKGVi1VUQGrwuqLcbR6qeAz+famMhjASeH3YVKvZz+zT1jlh/keC3Rj/lg==}
    engines: {node: '>=18'}
    cpu: [loong64]
    os: [linux]

  '@esbuild/linux-mips64el@0.28.1':
    resolution: {integrity: sha512-mRObBZeHh2OxcBFPWE/FjylkRgZdYuiTR3vaTozquCGOH14iP9oN4x4Ge81CoIDYQrXmIxpFumJBu5MtZpnQJQ==}
    engines: {node: '>=18'}
    cpu: [mips64el]
    os: [linux]

  '@esbuild/linux-ppc64@0.28.1':
    resolution: {integrity: sha512-slScBsMAb3GFDcdrCgLwZtPYRoH2H/youv10QiZyRjmsP48fznoveWytSgCI/R0ZcUgpc0ZhIUEx6LHts8yrfQ==}
    engines: {node: '>=18'}
    cpu: [ppc64]
    os: [linux]

  '@esbuild/linux-riscv64@0.28.1':
    resolution: {integrity: sha512-kw0owk1o0GFETUJyW0jc0G4Yzs0BHZn0JDZ8JRT088vjJYX777BAs1fDGxAC+q831qOs2DTC96mNsG2opdfyyQ==}
    engines: {node: '>=18'}
    cpu: [riscv64]
    os: [linux]

  '@esbuild/linux-s390x@0.28.1':
    resolution: {integrity: sha512-/lAIjX8aYFRByhh6L5rYtPEDRqa9de/4V/juOXcta5frjvzXO4/sqEtyytse0g3zZFuWu5cDN0MkLz2qRDD2Ag==}
    engines: {node: '>=18'}
    cpu: [s390x]
    os: [linux]

  '@esbuild/linux-x64@0.28.1':
    resolution: {integrity: sha512-u/anNYF2mmVOEDwLtnQ1wOr3EZ9sTNGLWrsYGYwHWzGA3Si84IOkHXlbWTD1NB+9/1lcnweYKO54uhxZydNzfA==}
    engines: {node: '>=18'}
    cpu: [x64]
    os: [linux]

  '@esbuild/netbsd-arm64@0.28.1':
    resolution: {integrity: sha512-oks0DYbLwWMmaakTsCb+zL4E+aHRVLom9IJZOAthMQEPiQmydXHkziYEsGYRx0uNV/IjEKGAV941JzH02pflqw==}
    engines: {node: '>=18'}
    cpu: [arm64]
    os: [netbsd]

  '@esbuild/netbsd-x64@0.28.1':
    resolution: {integrity: sha512-aeL6lAnN89Hz43Mlh1G8ARasbuoYvSITDEx0tHh5b7jJnHcssqgjy9Yx430GDpmCa6OyrKoS0aNRjKundRizGg==}
    engines: {node: '>=18'}
    cpu: [x64]
    os: [netbsd]

  '@esbuild/openbsd-arm64@0.28.1':
    resolution: {integrity: sha512-MEFJe5C3R8pwXdZ5Y21oo6m7ePiS0d9pWucn99O/wvyJZChoIQKrQDxKrGeW8F5+T0okTHesAmDeiHDTIq0V/Q==}
    engines: {node: '>=18'}
    cpu: [arm64]
    os: [openbsd]

  '@esbuild/openbsd-x64@0.28.1':
    resolution: {integrity: sha512-i/ZLIOafE0Z8cI/XANJAixoJL/uRAoS2xOA3rb0xN+KK0K177cMAsQYkzHtBrtMXAKuAc7HGgcWiZ/sRC1Nxgw==}
    engines: {node: '>=18'}
    cpu: [x64]
    os: [openbsd]

  '@esbuild/openharmony-arm64@0.28.1':
    resolution: {integrity: sha512-ge+Z7EXFNt2BO1oAMsVpiQ8EwndV9i1xXerAeTIK7AtPs3bKFXQM7nlRxDSIUIMeueR1CNXxqztLzdNeReKBJg==}
    engines: {node: '>=18'}
    cpu: [arm64]
    os: [openharmony]

  '@esbuild/sunos-x64@0.28.1':
    resolution: {integrity: sha512-BEjgtECkL3vY+SaSQ6nzVfiALUeFxpawyp8Jmf5PtYhf1Ug40N1h/hxlhts+f1FvSvarEigdxS3BlSMI2PJLcQ==}
    engines: {node: '>=18'}
    cpu: [x64]
    os: [sunos]

  '@esbuild/win32-arm64@0.28.1':
    resolution: {integrity: sha512-lCv9eK/H6ZJWbE7bh2nw54CZ9M2nupBxJcTsdk/QQnWkdSjKGuxmmH8/GWrlT1eMmZfn4dGcCjRte397WqfQXA==}
    engines: {node: '>=18'}
    cpu: [arm64]
    os: [win32]

  '@esbuild/win32-ia32@0.28.1':
    resolution: {integrity: sha512-zvb/mB2bSCoJOpoCBgYKKpX6YM6mJBlBUVUtVj41DlZJVEB6/0CKlRYxP5wWl1C1ILiCoAU5wZZ4q1P3qeS6Eg==}
    engines: {node: '>=18'}
    cpu: [ia32]
    os: [win32]

  '@esbuild/win32-x64@0.28.1':
    resolution: {integrity: sha512-bm4Mowrv+GXMlpWX++EcXw/iLyd1o3+bJkC2DkWXYVvgZCqD/bSj9ctZeAMC3cIxgjRVR2Dufaiu4YPxr5gW1A==}
    engines: {node: '>=18'}
    cpu: [x64]
    os: [win32]

  '@opentelemetry/api@1.9.1':
    resolution: {integrity: sha512-gLyJlPHPZYdAk1JENA9LeHejZe1Ti77/pTeFm/nMXmQH/HFZlcS/O2XJB+L8fkbrNSqhdtlvjBVjxwUYanNH5Q==}
    engines: {node: '>=8.0.0'}

  '@statsig/client-core@3.33.2':
    resolution: {integrity: sha512-TKZ546NfK2oShe1sHhgn+TaCoAWZ/bs0soK+gAjB/y5UAqWVhCcORAd/8eRUyor8Lz2VfL3V4Ze/zr1CCM2/5g==}

  '@statsig/js-client@3.33.2':
    resolution: {integrity: sha512-FgAnaN0d8X/OEZS/HEGI2D3CdbZzsbw3BHlSGvaqUcnwu45aXejFFUCCw96/NTH4lEvSMj1S1RBsrnQ2pVErgQ==}

  '@types/linkify-it@5.0.0':
    resolution: {integrity: sha512-sVDA58zAw4eWAffKOaQH5/5j3XeayukzDk+ewSsnv3p4yJEZHCCzMDiZM8e0OUrRvmpGZ85jf4yDHkHsgBNr9Q==}

  '@types/markdown-it@14.1.2':
    resolution: {integrity: sha512-promo4eFwuiW+TfGxhi+0x3czqTYJkG8qB17ZUJiVF10Xm7NLVRSLUsfRTU/6h1e24VvRnXCx+hG7li58lkzog==}

  '@types/mdurl@2.0.0':
    resolution: {integrity: sha512-RGdgjQUZba5p6QEFAVx2OGb8rQDL/cPRG7GiedRzMcJ1tYnUANBncjbSB1NRGwbvjcPeikRABz2nshyPk1bhWg==}

  argparse@2.0.1:
    resolution: {integrity: sha512-8+9WqebbFzpX9OR+Wa6O29asIogeRMzcGtAINdpMHHyAg10f05aSFVBbcEqGf/PXw1EjAZ+q2/bEBg3DvurK3Q==}

  bind-event-listener@3.0.0:
    resolution: {integrity: sha512-PJvH288AWQhKs2v9zyfYdPzlPqf5bXbGMmhmUIY9x4dAUGIWgomO771oBQNwJnMQSnUIXhKu6sgzpBRXTlvb8Q==}

  bowser-ultralight@1.0.6:
    resolution: {integrity: sha512-ASWi8n3c6JvsUhbjproHnT4Mdhs4Q9wOxq1oSjUkM2e5StEEUmy1ej4UNOLSyeU4ANQFTx+mY+bsv/aH+AIcpg==}

  css-color-names@0.0.4:
    resolution: {integrity: sha512-zj5D7X1U2h2zsXOAM8EyUREBnnts6H+Jm+d1M2DbiQQcUtnqgQsMrdo8JW9R80YFUmIdBZeMu5wvYM7hcgWP/Q==}

  entities@3.0.1:
    resolution: {integrity: sha512-WiyBqoomrwMdFG1e0kqvASYfnlb0lp8M5o5Fw2OFq1hNZxxcNk8Ik0Xm7LxzBhuidnZB/UtBqVCgUz3kBOP51Q==}
    engines: {node: '>=0.12'}

  entities@4.5.0:
    resolution: {integrity: sha512-V0hjH4dGPh9Ao5p0MoRY6BVqtwCjhz6vI5LT8AJ55H+4g9/4vbHx1I54fS0XuclLhDHArPQCiMjDxjaL8fPxhw==}
    engines: {node: '>=0.12'}

  esbuild@0.28.1:
    resolution: {integrity: sha512-HrJrvZv5ayxBzPfwphOoNzkzOIIlifzk0KJrGK2c8R4+LKpMtpYLQeUdjnwjWv/LZlkH2laZk+4w78pi99D4Vw==}
    engines: {node: '>=18'}
    hasBin: true

  eventemitter3@4.0.7:
    resolution: {integrity: sha512-8guHBZCwKnFhYdHr2ysuRWErTwhoN2X8XELRlrRwpmfeY2jjuUN4taQMsULKUVo1K4DvZl+0pgfyoysHxvmvEw==}

  js-tokens@4.0.0:
    resolution: {integrity: sha512-RdJUflcE3cUzKiMqQgsCu06FPu9UdIJO0beYbPhHN4k6apgJtifcoCtT9bcxOpYBtpD2kCM6Sbzg4CausW/PKQ==}

  linkify-it@3.0.3:
    resolution: {integrity: sha512-ynTsyrFSdE5oZ/O9GEf00kPngmOfVwazR5GKDq6EYfhlpFug3J2zybX56a2PRRpc9P+FuSoGNAwjlbDs9jJBPQ==}

  linkify-it@4.0.1:
    resolution: {integrity: sha512-C7bfi1UZmoj8+PQx22XyeXCuBlokoyWQL5pWSP+EI6nzRylyThouddufc2c1NDIcP9k5agmN9fLpA7VNJfIiqw==}

  linkify-it@5.0.1:
    resolution: {integrity: sha512-wVoTjP4Q6R0NW5hiZkVJaFZPWgtXfoGF+6LucL3/FtiNjmcHhYjEr5f1Kqjirc1nBW07J/ZuRFumqr2oqccEWg==}

  lodash@4.18.1:
    resolution: {integrity: sha512-dMInicTPVE8d1e5otfwmmjlxkZoUpiVLwyeTdUsi/Caj/gfzzblBcCE5sRHV/AsjuCmxWrte2TNGSYuCeCq+0Q==}

  loose-envify@1.4.0:
    resolution: {integrity: sha512-lyuxPGr/Wfhrlem2CL/UcnUc1zcqKAImBDzukY7Y5F/yQiNdko6+fRLevlw1HgMySw7f611UIY408EtxRSoK3Q==}
    hasBin: true

  markdown-it-table@2.0.6:
    resolution: {integrity: sha512-TvVf4yCSK8YrxnOldEehkkHlDy4Tzk+QrMf1/YVo+YIwzZZyoyy80blnVVsbluNJ3WiebTkXepqbOZh0ONunbA==}

  markdown-it@13.0.2:
    resolution: {integrity: sha512-FtwnEuuK+2yVU7goGn/MJ0WBZMM9ZPgU9spqlFs7/A/pDIUNSOQZhUgOqYCficIuR2QaFnrt8LHqBWsbTAoI5w==}
    hasBin: true

  markdown-it@14.2.0:
    resolution: {integrity: sha512-1TGiQiJVRQ3NPmZH6sx5Cfnmg6GQm9jvC1ch4TK511NjSJvjzKLzn5pPfZRNZkRPZP0HqCioSndqH8v2nRaWVQ==}
    hasBin: true

  mdurl@1.0.1:
    resolution: {integrity: sha512-/sKlQJCBYVY9Ers9hqzKou4H6V5UWc/M59TH2dvkt+84itfnq7uFOMLpOiOS4ujvHP4etln18fmIxA5R5fll0g==}

  mdurl@2.0.0:
    resolution: {integrity: sha512-Lf+9+2r+Tdp5wXDXC4PcIBjTDtq4UKjCPMQhKIuzpJNW0b96kVqSwW0bT7FhRSfmAiFYgP+SCRvdrDozfh0U5w==}

  memoize-one@6.0.0:
    resolution: {integrity: sha512-rkpe71W0N0c0Xz6QD0eJETuWAJGnJ9afsl1srmwPrI+yBCkge5EycXXbYRyvL29zZVUWQCY7InPRCv3GDXuZNw==}

  orderedmap@2.1.1:
    resolution: {integrity: sha512-TvAWxi0nDe1j/rtMcWcIj94+Ffe6n7zhow33h40SKxmsmozs6dz/e+EajymfoFcHd7sxNn8yHM8839uixMOV6g==}

  prosemirror-commands@1.7.1:
    resolution: {integrity: sha512-rT7qZnQtx5c0/y/KlYaGvtG411S97UaL6gdp6RIZ23DLHanMYLyfGBV5DtSnZdthQql7W+lEVbpSfwtO8T+L2w==}

  prosemirror-dropcursor@1.8.2:
    resolution: {integrity: sha512-CCk6Gyx9+Tt2sbYk5NK0nB1ukHi2ryaRgadV/LvyNuO3ena1payM2z6Cg0vO1ebK8cxbzo41ku2DE5Axj1Zuiw==}

  prosemirror-history@1.5.0:
    resolution: {integrity: sha512-zlzTiH01eKA55UAf1MEjtssJeHnGxO0j4K4Dpx+gnmX9n+SHNlDqI2oO1Kv1iPN5B1dm5fsljCfqKF9nFL6HRg==}

  prosemirror-keymap@1.2.3:
    resolution: {integrity: sha512-4HucRlpiLd1IPQQXNqeo81BGtkY8Ai5smHhKW9jjPKRc2wQIxksg7Hl1tTI2IfT2B/LgX6bfYvXxEpJl7aKYKw==}

  prosemirror-markdown@1.13.2:
    resolution: {integrity: sha512-FPD9rHPdA9fqzNmIIDhhnYQ6WgNoSWX9StUZ8LEKapaXU9i6XgykaHKhp6XMyXlOWetmaFgGDS/nu/w9/vUc5g==}

  prosemirror-model@1.25.4:
    resolution: {integrity: sha512-PIM7E43PBxKce8OQeezAs9j4TP+5yDpZVbuurd1h5phUxEKIu+G2a+EUZzIC5nS1mJktDJWzbqS23n1tsAf5QA==}

  prosemirror-state@1.4.4:
    resolution: {integrity: sha512-6jiYHH2CIGbCfnxdHbXZ12gySFY/fz/ulZE333G6bPqIZ4F+TXo9ifiR86nAHpWnfoNjOb3o5ESi7J8Uz1jXHw==}

  prosemirror-transform@1.10.5:
    resolution: {integrity: sha512-RPDQCxIDhIBb1o36xxwsaeAvivO8VLJcgBtzmOwQ64bMtsVFh5SSuJ6dWSxO1UsHTiTXPCgQm3PDJt7p6IOLbw==}

  prosemirror-utils@1.2.2:
    resolution: {integrity: sha512-7a2MPf99oCW8/587rQYI1/snX71Ban40+apr1hLkY8TmU9YXd7JeR6QsmktcTisJURO3WRjxIia4lTMsYgZVOw==}
    peerDependencies:
      prosemirror-model: ^1.19.2
      prosemirror-state: ^1.4.3

  prosemirror-view@1.41.5:
    resolution: {integrity: sha512-UDQbIPnDrjE8tqUBbPmCOZgtd75htE6W3r0JCmY9bL6W1iemDM37MZEKC49d+tdQ0v/CKx4gjxLoLsfkD2NiZA==}

  punycode.js@2.3.1:
    resolution: {integrity: sha512-uxFIHU0YlHYhDQtV4R9J6a52SLx28BCjT+4ieh7IGbgwVJWO+km431c4yRlREUAsAmt/uMjQUyQHNEPf0M39CA==}
    engines: {node: '>=6'}

  react@18.3.1:
    resolution: {integrity: sha512-wS+hAgJShR0KhEvPJArfuPVN1+Hz1t0Y6n5jLrGQbkb4urgPE/0Rve+1kMB1v/oWgHgm4WIcV+i7F2pTVj+2iQ==}
    engines: {node: '>=0.10.0'}

  rope-sequence@1.3.4:
    resolution: {integrity: sha512-UT5EDe2cu2E/6O4igUr5PSFs23nvvukicWHx6GnOPlHAiiYbzNuCRQCuiUdHJQcqKalLKlrYJnjY0ySGsXNQXQ==}

  scheduler@0.23.2:
    resolution: {integrity: sha512-UOShsPwz7NrMUqhR6t0hWjFduvOzbtv7toDH1/hIrfRNIDBnnBWd0CwJTGvTpngVlmwGCdP9/Zl/tVrDqcuYzQ==}

  uc.micro@1.0.6:
    resolution: {integrity: sha512-8Y75pvTYkLJW2hWQHXxoqRgV7qb9B+9vFEtidML+7koHUFapnVJAZ6cKs+Qjz5Aw3aZWHMC6u0wJE3At+nSGwA==}

  uc.micro@2.1.0:
    resolution: {integrity: sha512-ARDJmphmdvUk6Glw7y9DQ2bFkKBHwQHLi2lsaH6PPmz/Ka9sFOBsBluozhDltWmnv9u/cF6Rt87znRTPV+yp/A==}

  uuid@3.4.0:
    resolution: {integrity: sha512-HjSDRw6gZE5JMggctHBcjVak08+KEVhSIiDzFnT9S9aegmp85S/bReBVTb4QTFaRNptJ9kuYaNhnbNEOkbKb/A==}
    deprecated: uuid@10 and below is no longer supported.  For ESM codebases, update to uuid@latest.  For CommonJS codebases, use uuid@11 (but be aware this version will likely be deprecated in 2028).
    hasBin: true

  w3c-keyname@2.2.8:
    resolution: {integrity: sha512-dpojBhNsCNN7T82Tm7k26A6G9ML3NkhDsnw9n/eoxSRlVBB4CEtIQ/KTCLI2Fwf3ataSXRhYFkQi3SlnFwPvPQ==}

snapshots:

  '@atlaskit/adf-schema-generator@2.4.0':
    dependencies:
      '@atlaskit/editor-prosemirror': 7.3.0
      '@babel/runtime': 7.29.7
      lodash: 4.18.1

  '@atlaskit/adf-schema@52.16.6(react@18.3.1)':
    dependencies:
      '@atlaskit/adf-schema-generator': 2.4.0
      '@atlaskit/editor-prosemirror': 7.3.0
      '@atlaskit/tmp-editor-statsig': 94.0.0(react@18.3.1)
      '@babel/runtime': 7.29.7
      css-color-names: 0.0.4
      linkify-it: 3.0.3
      memoize-one: 6.0.0
    transitivePeerDependencies:
      - react

  '@atlaskit/adf-schema@53.0.0(react@18.3.1)':
    dependencies:
      '@atlaskit/adf-schema-generator': 2.4.0
      '@atlaskit/editor-prosemirror': 7.3.0
      '@atlaskit/tmp-editor-statsig': 94.0.0(react@18.3.1)
      '@babel/runtime': 7.29.7
      css-color-names: 0.0.4
      linkify-it: 3.0.3
      memoize-one: 6.0.0
    transitivePeerDependencies:
      - react

  '@atlaskit/adf-utils@19.33.0(react@18.3.1)':
    dependencies:
      '@atlaskit/adf-schema': 53.0.0(react@18.3.1)
      '@atlaskit/platform-feature-flags': 1.1.3(react@18.3.1)
      '@atlaskit/tmp-editor-statsig': 94.0.0(react@18.3.1)
      '@babel/runtime': 7.29.7
    transitivePeerDependencies:
      - react

  '@atlaskit/atlassian-context@0.10.0(react@18.3.1)':
    dependencies:
      '@babel/runtime': 7.29.7
      react: 18.3.1

  '@atlaskit/browser-apis@0.0.2(react@18.3.1)':
    dependencies:
      '@babel/runtime': 7.29.7
      react: 18.3.1

  '@atlaskit/editor-json-transformer@8.33.0(react@18.3.1)':
    dependencies:
      '@atlaskit/adf-schema': 52.16.6(react@18.3.1)
      '@atlaskit/adf-utils': 19.33.0(react@18.3.1)
      '@atlaskit/editor-prosemirror': 7.3.0
      '@babel/runtime': 7.29.7
      lodash: 4.18.1
    transitivePeerDependencies:
      - react

  '@atlaskit/editor-json-transformer@8.33.1(react@18.3.1)':
    dependencies:
      '@atlaskit/adf-schema': 53.0.0(react@18.3.1)
      '@atlaskit/adf-utils': 19.33.0(react@18.3.1)
      '@atlaskit/editor-prosemirror': 7.3.0
      '@babel/runtime': 7.29.7
      lodash: 4.18.1
    transitivePeerDependencies:
      - react

  '@atlaskit/editor-markdown-transformer@5.21.1(react@18.3.1)':
    dependencies:
      '@atlaskit/adf-schema': 53.0.0(react@18.3.1)
      '@atlaskit/editor-prosemirror': 7.3.0
      '@babel/runtime': 7.29.7
      markdown-it: 13.0.2
      markdown-it-table: 2.0.6
    transitivePeerDependencies:
      - react

  '@atlaskit/editor-prosemirror@7.3.0':
    dependencies:
      '@babel/runtime': 7.29.7
      prosemirror-commands: 1.7.1
      prosemirror-dropcursor: 1.8.2
      prosemirror-history: 1.5.0
      prosemirror-keymap: 1.2.3
      prosemirror-markdown: 1.13.2
      prosemirror-model: 1.25.4
      prosemirror-state: 1.4.4
      prosemirror-transform: 1.10.5
      prosemirror-utils: 1.2.2(prosemirror-model@1.25.4)(prosemirror-state@1.4.4)
      prosemirror-view: 1.41.5

  '@atlaskit/editor-wikimarkup-transformer@11.20.15(react@18.3.1)':
    dependencies:
      '@atlaskit/adf-schema': 53.0.0(react@18.3.1)
      '@atlaskit/editor-json-transformer': 8.33.0(react@18.3.1)
      '@atlaskit/editor-prosemirror': 7.3.0
      '@babel/runtime': 7.29.7
    transitivePeerDependencies:
      - react

  '@atlaskit/feature-gate-js-client@5.7.2(react@18.3.1)':
    dependencies:
      '@atlaskit/atlassian-context': 0.10.0(react@18.3.1)
      '@babel/runtime': 7.29.7
      '@statsig/client-core': 3.33.2
      '@statsig/js-client': 3.33.2
      eventemitter3: 4.0.7
    transitivePeerDependencies:
      - react

  '@atlaskit/interaction-context@3.1.0(react@18.3.1)':
    dependencies:
      '@babel/runtime': 7.29.7
      react: 18.3.1

  '@atlaskit/platform-feature-flags@1.1.3(react@18.3.1)':
    dependencies:
      '@atlaskit/feature-gate-js-client': 5.7.2(react@18.3.1)
      '@babel/runtime': 7.29.7
    transitivePeerDependencies:
      - react

  '@atlaskit/react-ufo@6.7.3(react@18.3.1)':
    dependencies:
      '@atlaskit/atlassian-context': 0.10.0(react@18.3.1)
      '@atlaskit/browser-apis': 0.0.2(react@18.3.1)
      '@atlaskit/feature-gate-js-client': 5.7.2(react@18.3.1)
      '@atlaskit/interaction-context': 3.1.0(react@18.3.1)
      '@atlaskit/platform-feature-flags': 1.1.3(react@18.3.1)
      '@babel/runtime': 7.29.7
      '@opentelemetry/api': 1.9.1
      bind-event-listener: 3.0.0
      bowser-ultralight: 1.0.6
      react: 18.3.1
      scheduler: 0.23.2
      uuid: 3.4.0

  '@atlaskit/tmp-editor-statsig@94.0.0(react@18.3.1)':
    dependencies:
      '@atlaskit/feature-gate-js-client': 5.7.2(react@18.3.1)
      '@atlaskit/platform-feature-flags': 1.1.3(react@18.3.1)
      '@atlaskit/react-ufo': 6.7.3(react@18.3.1)
      '@babel/runtime': 7.29.7
      react: 18.3.1

  '@babel/runtime@7.29.7': {}

  '@esbuild/aix-ppc64@0.28.1':
    optional: true

  '@esbuild/android-arm64@0.28.1':
    optional: true

  '@esbuild/android-arm@0.28.1':
    optional: true

  '@esbuild/android-x64@0.28.1':
    optional: true

  '@esbuild/darwin-arm64@0.28.1':
    optional: true

  '@esbuild/darwin-x64@0.28.1':
    optional: true

  '@esbuild/freebsd-arm64@0.28.1':
    optional: true

  '@esbuild/freebsd-x64@0.28.1':
    optional: true

  '@esbuild/linux-arm64@0.28.1':
    optional: true

  '@esbuild/linux-arm@0.28.1':
    optional: true

  '@esbuild/linux-ia32@0.28.1':
    optional: true

  '@esbuild/linux-loong64@0.28.1':
    optional: true

  '@esbuild/linux-mips64el@0.28.1':
    optional: true

  '@esbuild/linux-ppc64@0.28.1':
    optional: true

  '@esbuild/linux-riscv64@0.28.1':
    optional: true

  '@esbuild/linux-s390x@0.28.1':
    optional: true

  '@esbuild/linux-x64@0.28.1':
    optional: true

  '@esbuild/netbsd-arm64@0.28.1':
    optional: true

  '@esbuild/netbsd-x64@0.28.1':
    optional: true

  '@esbuild/openbsd-arm64@0.28.1':
    optional: true

  '@esbuild/openbsd-x64@0.28.1':
    optional: true

  '@esbuild/openharmony-arm64@0.28.1':
    optional: true

  '@esbuild/sunos-x64@0.28.1':
    optional: true

  '@esbuild/win32-arm64@0.28.1':
    optional: true

  '@esbuild/win32-ia32@0.28.1':
    optional: true

  '@esbuild/win32-x64@0.28.1':
    optional: true

  '@opentelemetry/api@1.9.1': {}

  '@statsig/client-core@3.33.2': {}

  '@statsig/js-client@3.33.2':
    dependencies:
      '@statsig/client-core': 3.33.2

  '@types/linkify-it@5.0.0': {}

  '@types/markdown-it@14.1.2':
    dependencies:
      '@types/linkify-it': 5.0.0
      '@types/mdurl': 2.0.0

  '@types/mdurl@2.0.0': {}

  argparse@2.0.1: {}

  bind-event-listener@3.0.0: {}

  bowser-ultralight@1.0.6: {}

  css-color-names@0.0.4: {}

  entities@3.0.1: {}

  entities@4.5.0: {}

  esbuild@0.28.1:
    optionalDependencies:
      '@esbuild/aix-ppc64': 0.28.1
      '@esbuild/android-arm': 0.28.1
      '@esbuild/android-arm64': 0.28.1
      '@esbuild/android-x64': 0.28.1
      '@esbuild/darwin-arm64': 0.28.1
      '@esbuild/darwin-x64': 0.28.1
      '@esbuild/freebsd-arm64': 0.28.1
      '@esbuild/freebsd-x64': 0.28.1
      '@esbuild/linux-arm': 0.28.1
      '@esbuild/linux-arm64': 0.28.1
      '@esbuild/linux-ia32': 0.28.1
      '@esbuild/linux-loong64': 0.28.1
      '@esbuild/linux-mips64el': 0.28.1
      '@esbuild/linux-ppc64': 0.28.1
      '@esbuild/linux-riscv64': 0.28.1
      '@esbuild/linux-s390x': 0.28.1
      '@esbuild/linux-x64': 0.28.1
      '@esbuild/netbsd-arm64': 0.28.1
      '@esbuild/netbsd-x64': 0.28.1
      '@esbuild/openbsd-arm64': 0.28.1
      '@esbuild/openbsd-x64': 0.28.1
      '@esbuild/openharmony-arm64': 0.28.1
      '@esbuild/sunos-x64': 0.28.1
      '@esbuild/win32-arm64': 0.28.1
      '@esbuild/win32-ia32': 0.28.1
      '@esbuild/win32-x64': 0.28.1

  eventemitter3@4.0.7: {}

  js-tokens@4.0.0: {}

  linkify-it@3.0.3:
    dependencies:
      uc.micro: 1.0.6

  linkify-it@4.0.1:
    dependencies:
      uc.micro: 1.0.6

  linkify-it@5.0.1:
    dependencies:
      uc.micro: 2.1.0

  lodash@4.18.1: {}

  loose-envify@1.4.0:
    dependencies:
      js-tokens: 4.0.0

  markdown-it-table@2.0.6: {}

  markdown-it@13.0.2:
    dependencies:
      argparse: 2.0.1
      entities: 3.0.1
      linkify-it: 4.0.1
      mdurl: 1.0.1
      uc.micro: 1.0.6

  markdown-it@14.2.0:
    dependencies:
      argparse: 2.0.1
      entities: 4.5.0
      linkify-it: 5.0.1
      mdurl: 2.0.0
      punycode.js: 2.3.1
      uc.micro: 2.1.0

  mdurl@1.0.1: {}

  mdurl@2.0.0: {}

  memoize-one@6.0.0: {}

  orderedmap@2.1.1: {}

  prosemirror-commands@1.7.1:
    dependencies:
      prosemirror-model: 1.25.4
      prosemirror-state: 1.4.4
      prosemirror-transform: 1.10.5

  prosemirror-dropcursor@1.8.2:
    dependencies:
      prosemirror-state: 1.4.4
      prosemirror-transform: 1.10.5
      prosemirror-view: 1.41.5

  prosemirror-history@1.5.0:
    dependencies:
      prosemirror-state: 1.4.4
      prosemirror-transform: 1.10.5
      prosemirror-view: 1.41.5
      rope-sequence: 1.3.4

  prosemirror-keymap@1.2.3:
    dependencies:
      prosemirror-state: 1.4.4
      w3c-keyname: 2.2.8

  prosemirror-markdown@1.13.2:
    dependencies:
      '@types/markdown-it': 14.1.2
      markdown-it: 14.2.0
      prosemirror-model: 1.25.4

  prosemirror-model@1.25.4:
    dependencies:
      orderedmap: 2.1.1

  prosemirror-state@1.4.4:
    dependencies:
      prosemirror-model: 1.25.4
      prosemirror-transform: 1.10.5
      prosemirror-view: 1.41.5

  prosemirror-transform@1.10.5:
    dependencies:
      prosemirror-model: 1.25.4

  prosemirror-utils@1.2.2(prosemirror-model@1.25.4)(prosemirror-state@1.4.4):
    dependencies:
      prosemirror-model: 1.25.4
      prosemirror-state: 1.4.4

  prosemirror-view@1.41.5:
    dependencies:
      prosemirror-model: 1.25.4
      prosemirror-state: 1.4.4
      prosemirror-transform: 1.10.5

  punycode.js@2.3.1: {}

  react@18.3.1:
    dependencies:
      loose-envify: 1.4.0

  rope-sequence@1.3.4: {}

  scheduler@0.23.2:
    dependencies:
      loose-envify: 1.4.0

  uc.micro@1.0.6: {}

  uc.micro@2.1.0: {}

  uuid@3.4.0: {}

  w3c-keyname@2.2.8: {}
